// !$*UTF8*$!
{
	archiveVersion = 1;
	classes = {
	};
	objectVersion = 46;
	objects = {

/* Begin PBXBuildFile section */
		0EE8A649B2FB20943CBD75E6 /* libPods.a in Frameworks */ = {isa = PBXBuildFile; fileRef = 53436FEF700FB78AB4A621FF /* libPods.a */; };
		930A36DA1BCD1D9900521A4E /* NSDate+Category.m in Sources */ = {isa = PBXBuildFile; fileRef = 930A36D91BCD1D9900521A4E /* NSDate+Category.m */; };
		9313E05D1BCE479F0068D8FA /* chargeList_arrowDown@2x.png in Resources */ = {isa = PBXBuildFile; fileRef = 9313E05B1BCE479F0068D8FA /* chargeList_arrowDown@2x.png */; settings = {ASSET_TAGS = (); }; };
		9313E05E1BCE479F0068D8FA /* chargeList_arrowDown@3x.png in Resources */ = {isa = PBXBuildFile; fileRef = 9313E05C1BCE479F0068D8FA /* chargeList_arrowDown@3x.png */; settings = {ASSET_TAGS = (); }; };
		9313E0641BCE6DF40068D8FA /* ABStatisticsView.m in Sources */ = {isa = PBXBuildFile; fileRef = 9313E0631BCE6DF40068D8FA /* ABStatisticsView.m */; settings = {ASSET_TAGS = (); }; };
		9313E0671BCE788C0068D8FA /* chargeList_arrowUp@2x.png in Resources */ = {isa = PBXBuildFile; fileRef = 9313E0651BCE788C0068D8FA /* chargeList_arrowUp@2x.png */; settings = {ASSET_TAGS = (); }; };
		9313E0681BCE788C0068D8FA /* chargeList_arrowUp@3x.png in Resources */ = {isa = PBXBuildFile; fileRef = 9313E0661BCE788C0068D8FA /* chargeList_arrowUp@3x.png */; settings = {ASSET_TAGS = (); }; };
		933110961BCA1EF400C0F3BC /* ABTextViewController.m in Sources */ = {isa = PBXBuildFile; fileRef = 933110951BCA1EF400C0F3BC /* ABTextViewController.m */; };
		933110991BCA46CA00C0F3BC /* NSString+Category.m in Sources */ = {isa = PBXBuildFile; fileRef = 933110981BCA46CA00C0F3BC /* NSString+Category.m */; };
		9331109C1BCA8FC700C0F3BC /* ABChargeEditDataManager.m in Sources */ = {isa = PBXBuildFile; fileRef = 9331109B1BCA8FC700C0F3BC /* ABChargeEditDataManager.m */; };
		9331109F1BCA903C00C0F3BC /* ABChargeEditModel.m in Sources */ = {isa = PBXBuildFile; fileRef = 9331109E1BCA903C00C0F3BC /* ABChargeEditModel.m */; };
		93679C531BA3D811002B2401 /* Images.xcassets in Resources */ = {isa = PBXBuildFile; fileRef = 93679C521BA3D811002B2401 /* Images.xcassets */; };
		93679C621BA3D811002B2401 /* AccountBookTests.m in Sources */ = {isa = PBXBuildFile; fileRef = 93679C611BA3D811002B2401 /* AccountBookTests.m */; };
		93679C771BA44034002B2401 /* UIColor+Category.m in Sources */ = {isa = PBXBuildFile; fileRef = 93679C6D1BA44034002B2401 /* UIColor+Category.m */; };
		93679C781BA44034002B2401 /* UIImage+Category.m in Sources */ = {isa = PBXBuildFile; fileRef = 93679C6F1BA44034002B2401 /* UIImage+Category.m */; };
		93679C7F1BA4409B002B2401 /* ABAppDelegate.m in Sources */ = {isa = PBXBuildFile; fileRef = 93679C7E1BA4409B002B2401 /* ABAppDelegate.m */; };
		93679C861BA44288002B2401 /* ABViewController.m in Sources */ = {isa = PBXBuildFile; fileRef = 93679C851BA44288002B2401 /* ABViewController.m */; };
		93679C891BA442A5002B2401 /* ABCategoryViewController.m in Sources */ = {isa = PBXBuildFile; fileRef = 93679C881BA442A5002B2401 /* ABCategoryViewController.m */; };
		93679C8D1BA443F6002B2401 /* ABNavigationController.m in Sources */ = {isa = PBXBuildFile; fileRef = 93679C8C1BA443F6002B2401 /* ABNavigationController.m */; };
		93679C941BA46420002B2401 /* ABSetViewController.m in Sources */ = {isa = PBXBuildFile; fileRef = 93679C931BA46420002B2401 /* ABSetViewController.m */; };
		937FCC4B1BCFD27C00E4297D /* ABCenterDataManager.m in Sources */ = {isa = PBXBuildFile; fileRef = 937FCC4A1BCFD27C00E4297D /* ABCenterDataManager.m */; settings = {ASSET_TAGS = (); }; };
		938695D71BC4E34300F4B1A9 /* ABChargeEditCell.m in Sources */ = {isa = PBXBuildFile; fileRef = 938695D61BC4E34300F4B1A9 /* ABChargeEditCell.m */; };
		938A2D931BAE8E3E0042B86B /* ABActionSheet.m in Sources */ = {isa = PBXBuildFile; fileRef = 938A2D901BAE8E3E0042B86B /* ABActionSheet.m */; };
		938A2D941BAE8E3E0042B86B /* ABAlertView.m in Sources */ = {isa = PBXBuildFile; fileRef = 938A2D921BAE8E3E0042B86B /* ABAlertView.m */; };
		938A2D981BAE8E510042B86B /* ABCategoryCell.m in Sources */ = {isa = PBXBuildFile; fileRef = 938A2D971BAE8E510042B86B /* ABCategoryCell.m */; };
		938A2DA41BAE8E630042B86B /* ABDataManager.m in Sources */ = {isa = PBXBuildFile; fileRef = 938A2D9C1BAE8E630042B86B /* ABDataManager.m */; };
		938A2DA51BAE8E630042B86B /* ABCategoryDataManger.m in Sources */ = {isa = PBXBuildFile; fileRef = 938A2D9E1BAE8E630042B86B /* ABCategoryDataManger.m */; };
		938A2DA61BAE8E630042B86B /* ABCategoryModel.m in Sources */ = {isa = PBXBuildFile; fileRef = 938A2DA11BAE8E630042B86B /* ABCategoryModel.m */; };
		938A2DA71BAE8E630042B86B /* ABModel.m in Sources */ = {isa = PBXBuildFile; fileRef = 938A2DA31BAE8E630042B86B /* ABModel.m */; };
		938A2DA91BAE8EB90042B86B /* main.m in Sources */ = {isa = PBXBuildFile; fileRef = 938A2DA81BAE8EB90042B86B /* main.m */; };
		938A2DAC1BAE90C90042B86B /* ABChargeModel.m in Sources */ = {isa = PBXBuildFile; fileRef = 938A2DAB1BAE90C90042B86B /* ABChargeModel.m */; };
		938A2DAF1BAEEF270042B86B /* ABChargeDataManger.m in Sources */ = {isa = PBXBuildFile; fileRef = 938A2DAE1BAEEF270042B86B /* ABChargeDataManger.m */; };
		938A2DB21BAEF6A60042B86B /* ABChargeListViewController.m in Sources */ = {isa = PBXBuildFile; fileRef = 938A2DB11BAEF6A60042B86B /* ABChargeListViewController.m */; };
		938A2DB81BAF01740042B86B /* ABChargeListCell.m in Sources */ = {isa = PBXBuildFile; fileRef = 938A2DB71BAF01740042B86B /* ABChargeListCell.m */; };
		938A4D841BD0E5BE00EE0630 /* Model.xcdatamodeld in Sources */ = {isa = PBXBuildFile; fileRef = 938A4D821BD0E5BE00EE0630 /* Model.xcdatamodeld */; settings = {ASSET_TAGS = (); }; };
		938A4D8E1BD0E8C200EE0630 /* ABChargeEntity.m in Sources */ = {isa = PBXBuildFile; fileRef = 938A4D881BD0E8C200EE0630 /* ABChargeEntity.m */; settings = {ASSET_TAGS = (); }; };
		938A4D901BD0E8C200EE0630 /* ABCategoryEntity.m in Sources */ = {isa = PBXBuildFile; fileRef = 938A4D8C1BD0E8C200EE0630 /* ABCategoryEntity.m */; settings = {ASSET_TAGS = (); }; };
		938A4DA51BD0EE7400EE0630 /* ABCoreDataHelper.m in Sources */ = {isa = PBXBuildFile; fileRef = 938A4DA41BD0EE7400EE0630 /* ABCoreDataHelper.m */; settings = {ASSET_TAGS = (); }; };
		938A4DA81BD0F35C00EE0630 /* ABCenterCoreDataManager.m in Sources */ = {isa = PBXBuildFile; fileRef = 938A4DA71BD0F35C00EE0630 /* ABCenterCoreDataManager.m */; settings = {ASSET_TAGS = (); }; };
		939690C91BAD2EB5008C09C9 /* ABUtils.m in Sources */ = {isa = PBXBuildFile; fileRef = 939690C81BAD2EB5008C09C9 /* ABUtils.m */; };
		939690D11BADA8F3008C09C9 /* STXINGKA.ttf in Resources */ = {isa = PBXBuildFile; fileRef = 939690D01BADA8F3008C09C9 /* STXINGKA.ttf */; };
		939690D41BADABF0008C09C9 /* ABCategoryEditViewController.m in Sources */ = {isa = PBXBuildFile; fileRef = 939690D31BADABF0008C09C9 /* ABCategoryEditViewController.m */; };
		93F193BC1BBAABC30000CEF0 /* ABCallBackUtils.m in Sources */ = {isa = PBXBuildFile; fileRef = 93F193BB1BBAABC30000CEF0 /* ABCallBackUtils.m */; };
		93F5ADC91BBB7285008A1539 /* ABTableViewCell.m in Sources */ = {isa = PBXBuildFile; fileRef = 93F5ADC81BBB7285008A1539 /* ABTableViewCell.m */; };
		93F5ADCC1BBB732D008A1539 /* ABTableView.m in Sources */ = {isa = PBXBuildFile; fileRef = 93F5ADCB1BBB732D008A1539 /* ABTableView.m */; };
		93F5ADCF1BBB881D008A1539 /* ABChargeEditViewController.m in Sources */ = {isa = PBXBuildFile; fileRef = 93F5ADCE1BBB881D008A1539 /* ABChargeEditViewController.m */; };
		93F5ADD21BBBCE8E008A1539 /* ABDatePicker.m in Sources */ = {isa = PBXBuildFile; fileRef = 93F5ADD11BBBCE8E008A1539 /* ABDatePicker.m */; };
/* End PBXBuildFile section */

/* Begin PBXContainerItemProxy section */
		93679C5C1BA3D811002B2401 /* PBXContainerItemProxy */ = {
			isa = PBXContainerItemProxy;
			containerPortal = 93679C3A1BA3D810002B2401 /* Project object */;
			proxyType = 1;
			remoteGlobalIDString = 93679C411BA3D811002B2401;
			remoteInfo = AccountBook;
		};
/* End PBXContainerItemProxy section */

/* Begin PBXFileReference section */
		52ABED0AE7CB5C55BEC49945 /* Pods.debug.xcconfig */ = {isa = PBXFileReference; includeInIndex = 1; lastKnownFileType = text.xcconfig; name = Pods.debug.xcconfig; path = "Pods/Target Support Files/Pods/Pods.debug.xcconfig"; sourceTree = "<group>"; };
		53436FEF700FB78AB4A621FF /* libPods.a */ = {isa = PBXFileReference; explicitFileType = archive.ar; includeInIndex = 0; path = libPods.a; sourceTree = BUILT_PRODUCTS_DIR; };
		8B2781DD69BA9EB5951B2653 /* Pods.release.xcconfig */ = {isa = PBXFileReference; includeInIndex = 1; lastKnownFileType = text.xcconfig; name = Pods.release.xcconfig; path = "Pods/Target Support Files/Pods/Pods.release.xcconfig"; sourceTree = "<group>"; };
		930A36D81BCD1D9900521A4E /* NSDate+Category.h */ = {isa = PBXFileReference; fileEncoding = 4; lastKnownFileType = sourcecode.c.h; path = "NSDate+Category.h"; sourceTree = "<group>"; };
		930A36D91BCD1D9900521A4E /* NSDate+Category.m */ = {isa = PBXFileReference; fileEncoding = 4; lastKnownFileType = sourcecode.c.objc; path = "NSDate+Category.m"; sourceTree = "<group>"; };
		9313E05B1BCE479F0068D8FA /* chargeList_arrowDown@2x.png */ = {isa = PBXFileReference; lastKnownFileType = image.png; path = "chargeList_arrowDown@2x.png"; sourceTree = "<group>"; };
		9313E05C1BCE479F0068D8FA /* chargeList_arrowDown@3x.png */ = {isa = PBXFileReference; lastKnownFileType = image.png; path = "chargeList_arrowDown@3x.png"; sourceTree = "<group>"; };
		9313E0621BCE6DF40068D8FA /* ABStatisticsView.h */ = {isa = PBXFileReference; fileEncoding = 4; lastKnownFileType = sourcecode.c.h; path = ABStatisticsView.h; sourceTree = "<group>"; };
		9313E0631BCE6DF40068D8FA /* ABStatisticsView.m */ = {isa = PBXFileReference; fileEncoding = 4; lastKnownFileType = sourcecode.c.objc; path = ABStatisticsView.m; sourceTree = "<group>"; };
		9313E0651BCE788C0068D8FA /* chargeList_arrowUp@2x.png */ = {isa = PBXFileReference; lastKnownFileType = image.png; path = "chargeList_arrowUp@2x.png"; sourceTree = "<group>"; };
		9313E0661BCE788C0068D8FA /* chargeList_arrowUp@3x.png */ = {isa = PBXFileReference; lastKnownFileType = image.png; path = "chargeList_arrowUp@3x.png"; sourceTree = "<group>"; };
		933110941BCA1EF400C0F3BC /* ABTextViewController.h */ = {isa = PBXFileReference; fileEncoding = 4; lastKnownFileType = sourcecode.c.h; path = ABTextViewController.h; sourceTree = "<group>"; };
		933110951BCA1EF400C0F3BC /* ABTextViewController.m */ = {isa = PBXFileReference; fileEncoding = 4; lastKnownFileType = sourcecode.c.objc; path = ABTextViewController.m; sourceTree = "<group>"; };
		933110971BCA46CA00C0F3BC /* NSString+Category.h */ = {isa = PBXFileReference; fileEncoding = 4; lastKnownFileType = sourcecode.c.h; path = "NSString+Category.h"; sourceTree = "<group>"; };
		933110981BCA46CA00C0F3BC /* NSString+Category.m */ = {isa = PBXFileReference; fileEncoding = 4; lastKnownFileType = sourcecode.c.objc; path = "NSString+Category.m"; sourceTree = "<group>"; };
		9331109A1BCA8FC700C0F3BC /* ABChargeEditDataManager.h */ = {isa = PBXFileReference; fileEncoding = 4; lastKnownFileType = sourcecode.c.h; path = ABChargeEditDataManager.h; sourceTree = "<group>"; };
		9331109B1BCA8FC700C0F3BC /* ABChargeEditDataManager.m */ = {isa = PBXFileReference; fileEncoding = 4; lastKnownFileType = sourcecode.c.objc; path = ABChargeEditDataManager.m; sourceTree = "<group>"; };
		9331109D1BCA903C00C0F3BC /* ABChargeEditModel.h */ = {isa = PBXFileReference; fileEncoding = 4; lastKnownFileType = sourcecode.c.h; path = ABChargeEditModel.h; sourceTree = "<group>"; };
		9331109E1BCA903C00C0F3BC /* ABChargeEditModel.m */ = {isa = PBXFileReference; fileEncoding = 4; lastKnownFileType = sourcecode.c.objc; path = ABChargeEditModel.m; sourceTree = "<group>"; };
		93679C421BA3D811002B2401 /* AccountBook.app */ = {isa = PBXFileReference; explicitFileType = wrapper.application; includeInIndex = 0; path = AccountBook.app; sourceTree = BUILT_PRODUCTS_DIR; };
		93679C461BA3D811002B2401 /* Info.plist */ = {isa = PBXFileReference; lastKnownFileType = text.plist.xml; path = Info.plist; sourceTree = "<group>"; };
		93679C521BA3D811002B2401 /* Images.xcassets */ = {isa = PBXFileReference; lastKnownFileType = folder.assetcatalog; name = Images.xcassets; path = AccountBook/Images.xcassets; sourceTree = "<group>"; };
		93679C5B1BA3D811002B2401 /* AccountBookTests.xctest */ = {isa = PBXFileReference; explicitFileType = wrapper.cfbundle; includeInIndex = 0; path = AccountBookTests.xctest; sourceTree = BUILT_PRODUCTS_DIR; };
		93679C601BA3D811002B2401 /* Info.plist */ = {isa = PBXFileReference; lastKnownFileType = text.plist.xml; path = Info.plist; sourceTree = "<group>"; };
		93679C611BA3D811002B2401 /* AccountBookTests.m */ = {isa = PBXFileReference; lastKnownFileType = sourcecode.c.objc; path = AccountBookTests.m; sourceTree = "<group>"; };
		93679C6C1BA44034002B2401 /* UIColor+Category.h */ = {isa = PBXFileReference; fileEncoding = 4; lastKnownFileType = sourcecode.c.h; path = "UIColor+Category.h"; sourceTree = "<group>"; };
		93679C6D1BA44034002B2401 /* UIColor+Category.m */ = {isa = PBXFileReference; fileEncoding = 4; lastKnownFileType = sourcecode.c.objc; path = "UIColor+Category.m"; sourceTree = "<group>"; };
		93679C6E1BA44034002B2401 /* UIImage+Category.h */ = {isa = PBXFileReference; fileEncoding = 4; lastKnownFileType = sourcecode.c.h; path = "UIImage+Category.h"; sourceTree = "<group>"; };
		93679C6F1BA44034002B2401 /* UIImage+Category.m */ = {isa = PBXFileReference; fileEncoding = 4; lastKnownFileType = sourcecode.c.objc; path = "UIImage+Category.m"; sourceTree = "<group>"; };
		93679C7D1BA4409B002B2401 /* ABAppDelegate.h */ = {isa = PBXFileReference; fileEncoding = 4; lastKnownFileType = sourcecode.c.h; path = ABAppDelegate.h; sourceTree = "<group>"; };
		93679C7E1BA4409B002B2401 /* ABAppDelegate.m */ = {isa = PBXFileReference; fileEncoding = 4; lastKnownFileType = sourcecode.c.objc; path = ABAppDelegate.m; sourceTree = "<group>"; };
		93679C831BA4417D002B2401 /* ABDefine.h */ = {isa = PBXFileReference; lastKnownFileType = sourcecode.c.h; path = ABDefine.h; sourceTree = "<group>"; };
		93679C841BA44288002B2401 /* ABViewController.h */ = {isa = PBXFileReference; fileEncoding = 4; lastKnownFileType = sourcecode.c.h; path = ABViewController.h; sourceTree = "<group>"; };
		93679C851BA44288002B2401 /* ABViewController.m */ = {isa = PBXFileReference; fileEncoding = 4; lastKnownFileType = sourcecode.c.objc; path = ABViewController.m; sourceTree = "<group>"; };
		93679C871BA442A5002B2401 /* ABCategoryViewController.h */ = {isa = PBXFileReference; fileEncoding = 4; lastKnownFileType = sourcecode.c.h; path = ABCategoryViewController.h; sourceTree = "<group>"; };
		93679C881BA442A5002B2401 /* ABCategoryViewController.m */ = {isa = PBXFileReference; fileEncoding = 4; lastKnownFileType = sourcecode.c.objc; path = ABCategoryViewController.m; sourceTree = "<group>"; };
		93679C8B1BA443F6002B2401 /* ABNavigationController.h */ = {isa = PBXFileReference; fileEncoding = 4; lastKnownFileType = sourcecode.c.h; path = ABNavigationController.h; sourceTree = "<group>"; };
		93679C8C1BA443F6002B2401 /* ABNavigationController.m */ = {isa = PBXFileReference; fileEncoding = 4; lastKnownFileType = sourcecode.c.objc; path = ABNavigationController.m; sourceTree = "<group>"; };
		93679C8E1BA44594002B2401 /* ABPrefixHeader.pch */ = {isa = PBXFileReference; fileEncoding = 4; lastKnownFileType = sourcecode.c.h; path = ABPrefixHeader.pch; sourceTree = "<group>"; };
		93679C921BA46420002B2401 /* ABSetViewController.h */ = {isa = PBXFileReference; fileEncoding = 4; lastKnownFileType = sourcecode.c.h; path = ABSetViewController.h; sourceTree = "<group>"; };
		93679C931BA46420002B2401 /* ABSetViewController.m */ = {isa = PBXFileReference; fileEncoding = 4; lastKnownFileType = sourcecode.c.objc; path = ABSetViewController.m; sourceTree = "<group>"; };
		937FCC491BCFD27C00E4297D /* ABCenterDataManager.h */ = {isa = PBXFileReference; fileEncoding = 4; lastKnownFileType = sourcecode.c.h; path = ABCenterDataManager.h; sourceTree = "<group>"; };
		937FCC4A1BCFD27C00E4297D /* ABCenterDataManager.m */ = {isa = PBXFileReference; fileEncoding = 4; lastKnownFileType = sourcecode.c.objc; path = ABCenterDataManager.m; sourceTree = "<group>"; };
		938695D51BC4E34300F4B1A9 /* ABChargeEditCell.h */ = {isa = PBXFileReference; fileEncoding = 4; lastKnownFileType = sourcecode.c.h; path = ABChargeEditCell.h; sourceTree = "<group>"; };
		938695D61BC4E34300F4B1A9 /* ABChargeEditCell.m */ = {isa = PBXFileReference; fileEncoding = 4; lastKnownFileType = sourcecode.c.objc; path = ABChargeEditCell.m; sourceTree = "<group>"; };
		938A2D8F1BAE8E3E0042B86B /* ABActionSheet.h */ = {isa = PBXFileReference; fileEncoding = 4; lastKnownFileType = sourcecode.c.h; path = ABActionSheet.h; sourceTree = "<group>"; };
		938A2D901BAE8E3E0042B86B /* ABActionSheet.m */ = {isa = PBXFileReference; fileEncoding = 4; lastKnownFileType = sourcecode.c.objc; path = ABActionSheet.m; sourceTree = "<group>"; };
		938A2D911BAE8E3E0042B86B /* ABAlertView.h */ = {isa = PBXFileReference; fileEncoding = 4; lastKnownFileType = sourcecode.c.h; path = ABAlertView.h; sourceTree = "<group>"; };
		938A2D921BAE8E3E0042B86B /* ABAlertView.m */ = {isa = PBXFileReference; fileEncoding = 4; lastKnownFileType = sourcecode.c.objc; path = ABAlertView.m; sourceTree = "<group>"; };
		938A2D961BAE8E510042B86B /* ABCategoryCell.h */ = {isa = PBXFileReference; fileEncoding = 4; lastKnownFileType = sourcecode.c.h; path = ABCategoryCell.h; sourceTree = "<group>"; };
		938A2D971BAE8E510042B86B /* ABCategoryCell.m */ = {isa = PBXFileReference; fileEncoding = 4; lastKnownFileType = sourcecode.c.objc; path = ABCategoryCell.m; sourceTree = "<group>"; };
		938A2D9B1BAE8E630042B86B /* ABDataManager.h */ = {isa = PBXFileReference; fileEncoding = 4; lastKnownFileType = sourcecode.c.h; path = ABDataManager.h; sourceTree = "<group>"; };
		938A2D9C1BAE8E630042B86B /* ABDataManager.m */ = {isa = PBXFileReference; fileEncoding = 4; lastKnownFileType = sourcecode.c.objc; path = ABDataManager.m; sourceTree = "<group>"; };
		938A2D9D1BAE8E630042B86B /* ABCategoryDataManger.h */ = {isa = PBXFileReference; fileEncoding = 4; lastKnownFileType = sourcecode.c.h; path = ABCategoryDataManger.h; sourceTree = "<group>"; };
		938A2D9E1BAE8E630042B86B /* ABCategoryDataManger.m */ = {isa = PBXFileReference; fileEncoding = 4; lastKnownFileType = sourcecode.c.objc; path = ABCategoryDataManger.m; sourceTree = "<group>"; };
		938A2DA01BAE8E630042B86B /* ABCategoryModel.h */ = {isa = PBXFileReference; fileEncoding = 4; lastKnownFileType = sourcecode.c.h; path = ABCategoryModel.h; sourceTree = "<group>"; };
		938A2DA11BAE8E630042B86B /* ABCategoryModel.m */ = {isa = PBXFileReference; fileEncoding = 4; lastKnownFileType = sourcecode.c.objc; path = ABCategoryModel.m; sourceTree = "<group>"; };
		938A2DA21BAE8E630042B86B /* ABModel.h */ = {isa = PBXFileReference; fileEncoding = 4; lastKnownFileType = sourcecode.c.h; path = ABModel.h; sourceTree = "<group>"; };
		938A2DA31BAE8E630042B86B /* ABModel.m */ = {isa = PBXFileReference; fileEncoding = 4; lastKnownFileType = sourcecode.c.objc; path = ABModel.m; sourceTree = "<group>"; };
		938A2DA81BAE8EB90042B86B /* main.m */ = {isa = PBXFileReference; fileEncoding = 4; lastKnownFileType = sourcecode.c.objc; name = main.m; path = Main/main.m; sourceTree = "<group>"; };
		938A2DAA1BAE90C90042B86B /* ABChargeModel.h */ = {isa = PBXFileReference; fileEncoding = 4; lastKnownFileType = sourcecode.c.h; path = ABChargeModel.h; sourceTree = "<group>"; };
		938A2DAB1BAE90C90042B86B /* ABChargeModel.m */ = {isa = PBXFileReference; fileEncoding = 4; lastKnownFileType = sourcecode.c.objc; path = ABChargeModel.m; sourceTree = "<group>"; };
		938A2DAD1BAEEF270042B86B /* ABChargeDataManger.h */ = {isa = PBXFileReference; fileEncoding = 4; lastKnownFileType = sourcecode.c.h; path = ABChargeDataManger.h; sourceTree = "<group>"; };
		938A2DAE1BAEEF270042B86B /* ABChargeDataManger.m */ = {isa = PBXFileReference; fileEncoding = 4; lastKnownFileType = sourcecode.c.objc; path = ABChargeDataManger.m; sourceTree = "<group>"; };
		938A2DB01BAEF6A60042B86B /* ABChargeListViewController.h */ = {isa = PBXFileReference; fileEncoding = 4; lastKnownFileType = sourcecode.c.h; path = ABChargeListViewController.h; sourceTree = "<group>"; };
		938A2DB11BAEF6A60042B86B /* ABChargeListViewController.m */ = {isa = PBXFileReference; fileEncoding = 4; lastKnownFileType = sourcecode.c.objc; path = ABChargeListViewController.m; sourceTree = "<group>"; };
		938A2DB61BAF01740042B86B /* ABChargeListCell.h */ = {isa = PBXFileReference; fileEncoding = 4; lastKnownFileType = sourcecode.c.h; path = ABChargeListCell.h; sourceTree = "<group>"; };
		938A2DB71BAF01740042B86B /* ABChargeListCell.m */ = {isa = PBXFileReference; fileEncoding = 4; lastKnownFileType = sourcecode.c.objc; path = ABChargeListCell.m; sourceTree = "<group>"; };
		938A4D831BD0E5BE00EE0630 /* Model.xcdatamodel */ = {isa = PBXFileReference; lastKnownFileType = wrapper.xcdatamodel; path = Model.xcdatamodel; sourceTree = "<group>"; };
		938A4D871BD0E8C200EE0630 /* ABChargeEntity.h */ = {isa = PBXFileReference; fileEncoding = 4; lastKnownFileType = sourcecode.c.h; path = ABChargeEntity.h; sourceTree = "<group>"; };
		938A4D881BD0E8C200EE0630 /* ABChargeEntity.m */ = {isa = PBXFileReference; fileEncoding = 4; lastKnownFileType = sourcecode.c.objc; path = ABChargeEntity.m; sourceTree = "<group>"; };
		938A4D8B1BD0E8C200EE0630 /* ABCategoryEntity.h */ = {isa = PBXFileReference; fileEncoding = 4; lastKnownFileType = sourcecode.c.h; path = ABCategoryEntity.h; sourceTree = "<group>"; };
		938A4D8C1BD0E8C200EE0630 /* ABCategoryEntity.m */ = {isa = PBXFileReference; fileEncoding = 4; lastKnownFileType = sourcecode.c.objc; path = ABCategoryEntity.m; sourceTree = "<group>"; };
		938A4DA31BD0EE7400EE0630 /* ABCoreDataHelper.h */ = {isa = PBXFileReference; fileEncoding = 4; lastKnownFileType = sourcecode.c.h; path = ABCoreDataHelper.h; sourceTree = "<group>"; };
		938A4DA41BD0EE7400EE0630 /* ABCoreDataHelper.m */ = {isa = PBXFileReference; fileEncoding = 4; lastKnownFileType = sourcecode.c.objc; path = ABCoreDataHelper.m; sourceTree = "<group>"; };
		938A4DA61BD0F35C00EE0630 /* ABCenterCoreDataManager.h */ = {isa = PBXFileReference; fileEncoding = 4; lastKnownFileType = sourcecode.c.h; path = ABCenterCoreDataManager.h; sourceTree = "<group>"; };
		938A4DA71BD0F35C00EE0630 /* ABCenterCoreDataManager.m */ = {isa = PBXFileReference; fileEncoding = 4; lastKnownFileType = sourcecode.c.objc; path = ABCenterCoreDataManager.m; sourceTree = "<group>"; };
		939690C71BAD2EB5008C09C9 /* ABUtils.h */ = {isa = PBXFileReference; fileEncoding = 4; lastKnownFileType = sourcecode.c.h; path = ABUtils.h; sourceTree = "<group>"; };
		939690C81BAD2EB5008C09C9 /* ABUtils.m */ = {isa = PBXFileReference; fileEncoding = 4; lastKnownFileType = sourcecode.c.objc; path = ABUtils.m; sourceTree = "<group>"; };
		939690D01BADA8F3008C09C9 /* STXINGKA.ttf */ = {isa = PBXFileReference; lastKnownFileType = file; path = STXINGKA.ttf; sourceTree = "<group>"; };
		939690D21BADABF0008C09C9 /* ABCategoryEditViewController.h */ = {isa = PBXFileReference; fileEncoding = 4; lastKnownFileType = sourcecode.c.h; path = ABCategoryEditViewController.h; sourceTree = "<group>"; };
		939690D31BADABF0008C09C9 /* ABCategoryEditViewController.m */ = {isa = PBXFileReference; fileEncoding = 4; lastKnownFileType = sourcecode.c.objc; path = ABCategoryEditViewController.m; sourceTree = "<group>"; };
		93F193BA1BBAABC30000CEF0 /* ABCallBackUtils.h */ = {isa = PBXFileReference; fileEncoding = 4; lastKnownFileType = sourcecode.c.h; path = ABCallBackUtils.h; sourceTree = "<group>"; };
		93F193BB1BBAABC30000CEF0 /* ABCallBackUtils.m */ = {isa = PBXFileReference; fileEncoding = 4; lastKnownFileType = sourcecode.c.objc; path = ABCallBackUtils.m; sourceTree = "<group>"; };
		93F5ADC71BBB7285008A1539 /* ABTableViewCell.h */ = {isa = PBXFileReference; fileEncoding = 4; lastKnownFileType = sourcecode.c.h; path = ABTableViewCell.h; sourceTree = "<group>"; };
		93F5ADC81BBB7285008A1539 /* ABTableViewCell.m */ = {isa = PBXFileReference; fileEncoding = 4; lastKnownFileType = sourcecode.c.objc; path = ABTableViewCell.m; sourceTree = "<group>"; };
		93F5ADCA1BBB732D008A1539 /* ABTableView.h */ = {isa = PBXFileReference; fileEncoding = 4; lastKnownFileType = sourcecode.c.h; path = ABTableView.h; sourceTree = "<group>"; };
		93F5ADCB1BBB732D008A1539 /* ABTableView.m */ = {isa = PBXFileReference; fileEncoding = 4; lastKnownFileType = sourcecode.c.objc; path = ABTableView.m; sourceTree = "<group>"; };
		93F5ADCD1BBB881D008A1539 /* ABChargeEditViewController.h */ = {isa = PBXFileReference; fileEncoding = 4; lastKnownFileType = sourcecode.c.h; path = ABChargeEditViewController.h; sourceTree = "<group>"; };
		93F5ADCE1BBB881D008A1539 /* ABChargeEditViewController.m */ = {isa = PBXFileReference; fileEncoding = 4; lastKnownFileType = sourcecode.c.objc; path = ABChargeEditViewController.m; sourceTree = "<group>"; };
		93F5ADD01BBBCE8E008A1539 /* ABDatePicker.h */ = {isa = PBXFileReference; fileEncoding = 4; lastKnownFileType = sourcecode.c.h; path = ABDatePicker.h; sourceTree = "<group>"; };
		93F5ADD11BBBCE8E008A1539 /* ABDatePicker.m */ = {isa = PBXFileReference; fileEncoding = 4; lastKnownFileType = sourcecode.c.objc; path = ABDatePicker.m; sourceTree = "<group>"; };
/* End PBXFileReference section */

/* Begin PBXFrameworksBuildPhase section */
		93679C3F1BA3D811002B2401 /* Frameworks */ = {
			isa = PBXFrameworksBuildPhase;
			buildActionMask = 2147483647;
			files = (
				0EE8A649B2FB20943CBD75E6 /* libPods.a in Frameworks */,
			);
			runOnlyForDeploymentPostprocessing = 0;
		};
		93679C581BA3D811002B2401 /* Frameworks */ = {
			isa = PBXFrameworksBuildPhase;
			buildActionMask = 2147483647;
			files = (
			);
			runOnlyForDeploymentPostprocessing = 0;
		};
/* End PBXFrameworksBuildPhase section */

/* Begin PBXGroup section */
		10187D2DD405954A365E3E2C /* Frameworks */ = {
			isa = PBXGroup;
			children = (
				53436FEF700FB78AB4A621FF /* libPods.a */,
			);
			name = Frameworks;
			sourceTree = "<group>";
		};
		2F5E565DFE45856D0B0C98EB /* Pods */ = {
			isa = PBXGroup;
			children = (
				52ABED0AE7CB5C55BEC49945 /* Pods.debug.xcconfig */,
				8B2781DD69BA9EB5951B2653 /* Pods.release.xcconfig */,
			);
			name = Pods;
			sourceTree = "<group>";
		};
		9313E05A1BCE479F0068D8FA /* Image */ = {
			isa = PBXGroup;
			children = (
				9313E05B1BCE479F0068D8FA /* chargeList_arrowDown@2x.png */,
				9313E05C1BCE479F0068D8FA /* chargeList_arrowDown@3x.png */,
				9313E0651BCE788C0068D8FA /* chargeList_arrowUp@2x.png */,
				9313E0661BCE788C0068D8FA /* chargeList_arrowUp@3x.png */,
			);
			path = Image;
			sourceTree = "<group>";
		};
		93679C391BA3D810002B2401 = {
			isa = PBXGroup;
			children = (
				93679C441BA3D811002B2401 /* AccountBook */,
				93679C5E1BA3D811002B2401 /* AccountBookTests */,
				93679C431BA3D811002B2401 /* Products */,
				2F5E565DFE45856D0B0C98EB /* Pods */,
				10187D2DD405954A365E3E2C /* Frameworks */,
				93679C521BA3D811002B2401 /* Images.xcassets */,
			);
			sourceTree = "<group>";
		};
		93679C431BA3D811002B2401 /* Products */ = {
			isa = PBXGroup;
			children = (
				93679C421BA3D811002B2401 /* AccountBook.app */,
				93679C5B1BA3D811002B2401 /* AccountBookTests.xctest */,
			);
			name = Products;
			sourceTree = "<group>";
		};
		93679C441BA3D811002B2401 /* AccountBook */ = {
			isa = PBXGroup;
			children = (
				938A2D951BAE8E510042B86B /* Cell */,
				938A2D8E1BAE8E3E0042B86B /* View */,
				93679C731BA44034002B2401 /* Main */,
				93679C761BA44034002B2401 /* ViewContrller */,
				93679C741BA44034002B2401 /* Utils */,
				93679C6B1BA44034002B2401 /* Category */,
				938A2D991BAE8E630042B86B /* Data */,
				939690CD1BADA8F3008C09C9 /* Resouce */,
				93679C451BA3D811002B2401 /* Supporting Files */,
			);
			path = AccountBook;
			sourceTree = "<group>";
		};
		93679C451BA3D811002B2401 /* Supporting Files */ = {
			isa = PBXGroup;
			children = (
				93679C461BA3D811002B2401 /* Info.plist */,
				938A2DA81BAE8EB90042B86B /* main.m */,
			);
			name = "Supporting Files";
			sourceTree = "<group>";
		};
		93679C5E1BA3D811002B2401 /* AccountBookTests */ = {
			isa = PBXGroup;
			children = (
				93679C611BA3D811002B2401 /* AccountBookTests.m */,
				93679C5F1BA3D811002B2401 /* Supporting Files */,
			);
			path = AccountBookTests;
			sourceTree = "<group>";
		};
		93679C5F1BA3D811002B2401 /* Supporting Files */ = {
			isa = PBXGroup;
			children = (
				93679C601BA3D811002B2401 /* Info.plist */,
			);
			name = "Supporting Files";
			sourceTree = "<group>";
		};
		93679C6B1BA44034002B2401 /* Category */ = {
			isa = PBXGroup;
			children = (
				93679C6C1BA44034002B2401 /* UIColor+Category.h */,
				93679C6D1BA44034002B2401 /* UIColor+Category.m */,
				93679C6E1BA44034002B2401 /* UIImage+Category.h */,
				93679C6F1BA44034002B2401 /* UIImage+Category.m */,
				933110971BCA46CA00C0F3BC /* NSString+Category.h */,
				933110981BCA46CA00C0F3BC /* NSString+Category.m */,
				930A36D81BCD1D9900521A4E /* NSDate+Category.h */,
				930A36D91BCD1D9900521A4E /* NSDate+Category.m */,
			);
			path = Category;
			sourceTree = "<group>";
		};
		93679C731BA44034002B2401 /* Main */ = {
			isa = PBXGroup;
			children = (
				93679C7D1BA4409B002B2401 /* ABAppDelegate.h */,
				93679C7E1BA4409B002B2401 /* ABAppDelegate.m */,
			);
			path = Main;
			sourceTree = "<group>";
		};
		93679C741BA44034002B2401 /* Utils */ = {
			isa = PBXGroup;
			children = (
				93679C8E1BA44594002B2401 /* ABPrefixHeader.pch */,
				93679C831BA4417D002B2401 /* ABDefine.h */,
				939690C71BAD2EB5008C09C9 /* ABUtils.h */,
				939690C81BAD2EB5008C09C9 /* ABUtils.m */,
				93F193BA1BBAABC30000CEF0 /* ABCallBackUtils.h */,
				93F193BB1BBAABC30000CEF0 /* ABCallBackUtils.m */,
			);
			path = Utils;
			sourceTree = "<group>";
		};
		93679C761BA44034002B2401 /* ViewContrller */ = {
			isa = PBXGroup;
			children = (
				93679C841BA44288002B2401 /* ABViewController.h */,
				93679C851BA44288002B2401 /* ABViewController.m */,
				93679C8B1BA443F6002B2401 /* ABNavigationController.h */,
				93679C8C1BA443F6002B2401 /* ABNavigationController.m */,
				93679C871BA442A5002B2401 /* ABCategoryViewController.h */,
				93679C881BA442A5002B2401 /* ABCategoryViewController.m */,
				939690D21BADABF0008C09C9 /* ABCategoryEditViewController.h */,
				939690D31BADABF0008C09C9 /* ABCategoryEditViewController.m */,
				938A2DB01BAEF6A60042B86B /* ABChargeListViewController.h */,
				938A2DB11BAEF6A60042B86B /* ABChargeListViewController.m */,
				93F5ADCD1BBB881D008A1539 /* ABChargeEditViewController.h */,
				93F5ADCE1BBB881D008A1539 /* ABChargeEditViewController.m */,
				93679C921BA46420002B2401 /* ABSetViewController.h */,
				93679C931BA46420002B2401 /* ABSetViewController.m */,
				933110941BCA1EF400C0F3BC /* ABTextViewController.h */,
				933110951BCA1EF400C0F3BC /* ABTextViewController.m */,
			);
			path = ViewContrller;
			sourceTree = "<group>";
		};
		937FCC461BCFD20500E4297D /* CoreData */ = {
			isa = PBXGroup;
			children = (
				937FCC471BCFD20500E4297D /* CoreDataManager */,
				937FCC481BCFD20500E4297D /* Entity */,
				938A4D821BD0E5BE00EE0630 /* Model.xcdatamodeld */,
			);
			path = CoreData;
			sourceTree = "<group>";
		};
		937FCC471BCFD20500E4297D /* CoreDataManager */ = {
			isa = PBXGroup;
			children = (
				938A4DA31BD0EE7400EE0630 /* ABCoreDataHelper.h */,
				938A4DA41BD0EE7400EE0630 /* ABCoreDataHelper.m */,
				938A4DA61BD0F35C00EE0630 /* ABCenterCoreDataManager.h */,
				938A4DA71BD0F35C00EE0630 /* ABCenterCoreDataManager.m */,
			);
			path = CoreDataManager;
			sourceTree = "<group>";
		};
		937FCC481BCFD20500E4297D /* Entity */ = {
			isa = PBXGroup;
			children = (
				938A4D871BD0E8C200EE0630 /* ABChargeEntity.h */,
				938A4D881BD0E8C200EE0630 /* ABChargeEntity.m */,
				938A4D8B1BD0E8C200EE0630 /* ABCategoryEntity.h */,
				938A4D8C1BD0E8C200EE0630 /* ABCategoryEntity.m */,
			);
			path = Entity;
			sourceTree = "<group>";
		};
		938A2D8E1BAE8E3E0042B86B /* View */ = {
			isa = PBXGroup;
			children = (
				93F5ADCA1BBB732D008A1539 /* ABTableView.h */,
				93F5ADCB1BBB732D008A1539 /* ABTableView.m */,
				938A2D8F1BAE8E3E0042B86B /* ABActionSheet.h */,
				938A2D901BAE8E3E0042B86B /* ABActionSheet.m */,
				938A2D911BAE8E3E0042B86B /* ABAlertView.h */,
				938A2D921BAE8E3E0042B86B /* ABAlertView.m */,
				93F5ADD01BBBCE8E008A1539 /* ABDatePicker.h */,
				93F5ADD11BBBCE8E008A1539 /* ABDatePicker.m */,
				9313E0621BCE6DF40068D8FA /* ABStatisticsView.h */,
				9313E0631BCE6DF40068D8FA /* ABStatisticsView.m */,
			);
			path = View;
			sourceTree = "<group>";
		};
		938A2D951BAE8E510042B86B /* Cell */ = {
			isa = PBXGroup;
			children = (
				93F5ADC71BBB7285008A1539 /* ABTableViewCell.h */,
				93F5ADC81BBB7285008A1539 /* ABTableViewCell.m */,
				938A2D961BAE8E510042B86B /* ABCategoryCell.h */,
				938A2D971BAE8E510042B86B /* ABCategoryCell.m */,
				938A2DB61BAF01740042B86B /* ABChargeListCell.h */,
				938A2DB71BAF01740042B86B /* ABChargeListCell.m */,
				938695D51BC4E34300F4B1A9 /* ABChargeEditCell.h */,
				938695D61BC4E34300F4B1A9 /* ABChargeEditCell.m */,
			);
			path = Cell;
			sourceTree = "<group>";
		};
		938A2D991BAE8E630042B86B /* Data */ = {
			isa = PBXGroup;
			children = (
				937FCC461BCFD20500E4297D /* CoreData */,
				938A2D9A1BAE8E630042B86B /* DataManager */,
				938A2D9F1BAE8E630042B86B /* Model */,
			);
			path = Data;
			sourceTree = "<group>";
		};
		938A2D9A1BAE8E630042B86B /* DataManager */ = {
			isa = PBXGroup;
			children = (
				938A2D9B1BAE8E630042B86B /* ABDataManager.h */,
				938A2D9C1BAE8E630042B86B /* ABDataManager.m */,
				937FCC491BCFD27C00E4297D /* ABCenterDataManager.h */,
				937FCC4A1BCFD27C00E4297D /* ABCenterDataManager.m */,
				938A2D9D1BAE8E630042B86B /* ABCategoryDataManger.h */,
				938A2D9E1BAE8E630042B86B /* ABCategoryDataManger.m */,
				938A2DAD1BAEEF270042B86B /* ABChargeDataManger.h */,
				938A2DAE1BAEEF270042B86B /* ABChargeDataManger.m */,
				9331109A1BCA8FC700C0F3BC /* ABChargeEditDataManager.h */,
				9331109B1BCA8FC700C0F3BC /* ABChargeEditDataManager.m */,
			);
			path = DataManager;
			sourceTree = "<group>";
		};
		938A2D9F1BAE8E630042B86B /* Model */ = {
			isa = PBXGroup;
			children = (
				938A2DA21BAE8E630042B86B /* ABModel.h */,
				938A2DA31BAE8E630042B86B /* ABModel.m */,
				938A2DA01BAE8E630042B86B /* ABCategoryModel.h */,
				938A2DA11BAE8E630042B86B /* ABCategoryModel.m */,
				938A2DAA1BAE90C90042B86B /* ABChargeModel.h */,
				938A2DAB1BAE90C90042B86B /* ABChargeModel.m */,
				9331109D1BCA903C00C0F3BC /* ABChargeEditModel.h */,
				9331109E1BCA903C00C0F3BC /* ABChargeEditModel.m */,
			);
			path = Model;
			sourceTree = "<group>";
		};
		939690CD1BADA8F3008C09C9 /* Resouce */ = {
			isa = PBXGroup;
			children = (
				9313E05A1BCE479F0068D8FA /* Image */,
				939690CF1BADA8F3008C09C9 /* Other */,
			);
			path = Resouce;
			sourceTree = "<group>";
		};
		939690CF1BADA8F3008C09C9 /* Other */ = {
			isa = PBXGroup;
			children = (
				939690D01BADA8F3008C09C9 /* STXINGKA.ttf */,
			);
			path = Other;
			sourceTree = "<group>";
		};
/* End PBXGroup section */

/* Begin PBXNativeTarget section */
		93679C411BA3D811002B2401 /* AccountBook */ = {
			isa = PBXNativeTarget;
			buildConfigurationList = 93679C651BA3D811002B2401 /* Build configuration list for PBXNativeTarget "AccountBook" */;
			buildPhases = (
				A1495E5C766A7D3D95763B48 /* Check Pods Manifest.lock */,
				93679C3E1BA3D811002B2401 /* Sources */,
				93679C3F1BA3D811002B2401 /* Frameworks */,
				93679C401BA3D811002B2401 /* Resources */,
				5A550D4FC1D9FED17C6EEAB3 /* Copy Pods Resources */,
			);
			buildRules = (
			);
			dependencies = (
			);
			name = AccountBook;
			productName = AccountBook;
			productReference = 93679C421BA3D811002B2401 /* AccountBook.app */;
			productType = "com.apple.product-type.application";
		};
		93679C5A1BA3D811002B2401 /* AccountBookTests */ = {
			isa = PBXNativeTarget;
			buildConfigurationList = 93679C681BA3D811002B2401 /* Build configuration list for PBXNativeTarget "AccountBookTests" */;
			buildPhases = (
				93679C571BA3D811002B2401 /* Sources */,
				93679C581BA3D811002B2401 /* Frameworks */,
				93679C591BA3D811002B2401 /* Resources */,
			);
			buildRules = (
			);
			dependencies = (
				93679C5D1BA3D811002B2401 /* PBXTargetDependency */,
			);
			name = AccountBookTests;
			productName = AccountBookTests;
			productReference = 93679C5B1BA3D811002B2401 /* AccountBookTests.xctest */;
			productType = "com.apple.product-type.bundle.unit-test";
		};
/* End PBXNativeTarget section */

/* Begin PBXProject section */
		93679C3A1BA3D810002B2401 /* Project object */ = {
			isa = PBXProject;
			attributes = {
				LastUpgradeCheck = 0700;
				ORGANIZATIONNAME = mtry;
				TargetAttributes = {
					93679C411BA3D811002B2401 = {
						CreatedOnToolsVersion = 6.4;
					};
					93679C5A1BA3D811002B2401 = {
						CreatedOnToolsVersion = 6.4;
						TestTargetID = 93679C411BA3D811002B2401;
					};
				};
			};
			buildConfigurationList = 93679C3D1BA3D810002B2401 /* Build configuration list for PBXProject "AccountBook" */;
			compatibilityVersion = "Xcode 3.2";
			developmentRegion = English;
			hasScannedForEncodings = 0;
			knownRegions = (
				en,
				Base,
			);
			mainGroup = 93679C391BA3D810002B2401;
			productRefGroup = 93679C431BA3D811002B2401 /* Products */;
			projectDirPath = "";
			projectRoot = "";
			targets = (
				93679C411BA3D811002B2401 /* AccountBook */,
				93679C5A1BA3D811002B2401 /* AccountBookTests */,
			);
		};
/* End PBXProject section */

/* Begin PBXResourcesBuildPhase section */
		93679C401BA3D811002B2401 /* Resources */ = {
			isa = PBXResourcesBuildPhase;
			buildActionMask = 2147483647;
			files = (
				9313E0681BCE788C0068D8FA /* chargeList_arrowUp@3x.png in Resources */,
				939690D11BADA8F3008C09C9 /* STXINGKA.ttf in Resources */,
				9313E05E1BCE479F0068D8FA /* chargeList_arrowDown@3x.png in Resources */,
				9313E0671BCE788C0068D8FA /* chargeList_arrowUp@2x.png in Resources */,
				93679C531BA3D811002B2401 /* Images.xcassets in Resources */,
				9313E05D1BCE479F0068D8FA /* chargeList_arrowDown@2x.png in Resources */,
			);
			runOnlyForDeploymentPostprocessing = 0;
		};
		93679C591BA3D811002B2401 /* Resources */ = {
			isa = PBXResourcesBuildPhase;
			buildActionMask = 2147483647;
			files = (
			);
			runOnlyForDeploymentPostprocessing = 0;
		};
/* End PBXResourcesBuildPhase section */

/* Begin PBXShellScriptBuildPhase section */
		5A550D4FC1D9FED17C6EEAB3 /* Copy Pods Resources */ = {
			isa = PBXShellScriptBuildPhase;
			buildActionMask = 2147483647;
			files = (
			);
			inputPaths = (
			);
			name = "Copy Pods Resources";
			outputPaths = (
			);
			runOnlyForDeploymentPostprocessing = 0;
			shellPath = /bin/sh;
			shellScript = "\"${SRCROOT}/Pods/Target Support Files/Pods/Pods-resources.sh\"\n";
			showEnvVarsInLog = 0;
		};
		A1495E5C766A7D3D95763B48 /* Check Pods Manifest.lock */ = {
			isa = PBXShellScriptBuildPhase;
			buildActionMask = 2147483647;
			files = (
			);
			inputPaths = (
			);
			name = "Check Pods Manifest.lock";
			outputPaths = (
			);
			runOnlyForDeploymentPostprocessing = 0;
			shellPath = /bin/sh;
			shellScript = "diff \"${PODS_ROOT}/../Podfile.lock\" \"${PODS_ROOT}/Manifest.lock\" > /dev/null\nif [[ $? != 0 ]] ; then\n    cat << EOM\nerror: The sandbox is not in sync with the Podfile.lock. Run 'pod install' or update your CocoaPods installation.\nEOM\n    exit 1\nfi\n";
			showEnvVarsInLog = 0;
		};
/* End PBXShellScriptBuildPhase section */

/* Begin PBXSourcesBuildPhase section */
		93679C3E1BA3D811002B2401 /* Sources */ = {
			isa = PBXSourcesBuildPhase;
			buildActionMask = 2147483647;
			files = (
				933110991BCA46CA00C0F3BC /* NSString+Category.m in Sources */,
				938A2D941BAE8E3E0042B86B /* ABAlertView.m in Sources */,
				938A2DA61BAE8E630042B86B /* ABCategoryModel.m in Sources */,
				93679C861BA44288002B2401 /* ABViewController.m in Sources */,
				93679C8D1BA443F6002B2401 /* ABNavigationController.m in Sources */,
				938A2DAC1BAE90C90042B86B /* ABChargeModel.m in Sources */,
				938A4DA81BD0F35C00EE0630 /* ABCenterCoreDataManager.m in Sources */,
				93F193BC1BBAABC30000CEF0 /* ABCallBackUtils.m in Sources */,
				93F5ADC91BBB7285008A1539 /* ABTableViewCell.m in Sources */,
				93679C941BA46420002B2401 /* ABSetViewController.m in Sources */,
				9313E0641BCE6DF40068D8FA /* ABStatisticsView.m in Sources */,
				933110961BCA1EF400C0F3BC /* ABTextViewController.m in Sources */,
				937FCC4B1BCFD27C00E4297D /* ABCenterDataManager.m in Sources */,
				93679C7F1BA4409B002B2401 /* ABAppDelegate.m in Sources */,
				93679C771BA44034002B2401 /* UIColor+Category.m in Sources */,
				93F5ADCC1BBB732D008A1539 /* ABTableView.m in Sources */,
				93F5ADD21BBBCE8E008A1539 /* ABDatePicker.m in Sources */,
				93F5ADCF1BBB881D008A1539 /* ABChargeEditViewController.m in Sources */,
				938A4D841BD0E5BE00EE0630 /* Model.xcdatamodeld in Sources */,
				938A2D981BAE8E510042B86B /* ABCategoryCell.m in Sources */,
				938A2DA71BAE8E630042B86B /* ABModel.m in Sources */,
				938A2DA91BAE8EB90042B86B /* main.m in Sources */,
				938695D71BC4E34300F4B1A9 /* ABChargeEditCell.m in Sources */,
				938A2DB21BAEF6A60042B86B /* ABChargeListViewController.m in Sources */,
				930A36DA1BCD1D9900521A4E /* NSDate+Category.m in Sources */,
				938A2DA51BAE8E630042B86B /* ABCategoryDataManger.m in Sources */,
				938A2DAF1BAEEF270042B86B /* ABChargeDataManger.m in Sources */,
				9331109C1BCA8FC700C0F3BC /* ABChargeEditDataManager.m in Sources */,
				93679C891BA442A5002B2401 /* ABCategoryViewController.m in Sources */,
				938A4D901BD0E8C200EE0630 /* ABCategoryEntity.m in Sources */,
				9331109F1BCA903C00C0F3BC /* ABChargeEditModel.m in Sources */,
				938A2DA41BAE8E630042B86B /* ABDataManager.m in Sources */,
				938A2DB81BAF01740042B86B /* ABChargeListCell.m in Sources */,
				938A2D931BAE8E3E0042B86B /* ABActionSheet.m in Sources */,
				939690C91BAD2EB5008C09C9 /* ABUtils.m in Sources */,
				939690D41BADABF0008C09C9 /* ABCategoryEditViewController.m in Sources */,
				938A4D8E1BD0E8C200EE0630 /* ABChargeEntity.m in Sources */,
				93679C781BA44034002B2401 /* UIImage+Category.m in Sources */,
				938A4DA51BD0EE7400EE0630 /* ABCoreDataHelper.m in Sources */,
			);
			runOnlyForDeploymentPostprocessing = 0;
		};
		93679C571BA3D811002B2401 /* Sources */ = {
			isa = PBXSourcesBuildPhase;
			buildActionMask = 2147483647;
			files = (
				93679C621BA3D811002B2401 /* AccountBookTests.m in Sources */,
			);
			runOnlyForDeploymentPostprocessing = 0;
		};
/* End PBXSourcesBuildPhase section */

/* Begin PBXTargetDependency section */
		93679C5D1BA3D811002B2401 /* PBXTargetDependency */ = {
			isa = PBXTargetDependency;
			target = 93679C411BA3D811002B2401 /* AccountBook */;
			targetProxy = 93679C5C1BA3D811002B2401 /* PBXContainerItemProxy */;
		};
/* End PBXTargetDependency section */

/* Begin XCBuildConfiguration section */
		93679C631BA3D811002B2401 /* Debug */ = {
			isa = XCBuildConfiguration;
			buildSettings = {
				ALWAYS_SEARCH_USER_PATHS = NO;
				CLANG_CXX_LANGUAGE_STANDARD = "gnu++0x";
				CLANG_CXX_LIBRARY = "libc++";
				CLANG_ENABLE_MODULES = YES;
				CLANG_ENABLE_OBJC_ARC = YES;
				CLANG_WARN_BOOL_CONVERSION = YES;
				CLANG_WARN_CONSTANT_CONVERSION = YES;
				CLANG_WARN_DIRECT_OBJC_ISA_USAGE = YES_ERROR;
				CLANG_WARN_EMPTY_BODY = YES;
				CLANG_WARN_ENUM_CONVERSION = YES;
				CLANG_WARN_INT_CONVERSION = YES;
				CLANG_WARN_OBJC_ROOT_CLASS = YES_ERROR;
				CLANG_WARN_UNREACHABLE_CODE = YES;
				CLANG_WARN__DUPLICATE_METHOD_MATCH = YES;
				"CODE_SIGN_IDENTITY[sdk=iphoneos*]" = "iPhone Developer";
				COPY_PHASE_STRIP = NO;
				DEBUG_INFORMATION_FORMAT = "dwarf-with-dsym";
				ENABLE_STRICT_OBJC_MSGSEND = YES;
				ENABLE_TESTABILITY = YES;
				GCC_C_LANGUAGE_STANDARD = gnu99;
				GCC_DYNAMIC_NO_PIC = NO;
				GCC_NO_COMMON_BLOCKS = YES;
				GCC_OPTIMIZATION_LEVEL = 0;
				GCC_PREPROCESSOR_DEFINITIONS = (
					"DEBUG=1",
					"$(inherited)",
				);
				GCC_SYMBOLS_PRIVATE_EXTERN = NO;
				GCC_WARN_64_TO_32_BIT_CONVERSION = YES;
				GCC_WARN_ABOUT_RETURN_TYPE = YES_ERROR;
				GCC_WARN_UNDECLARED_SELECTOR = YES;
				GCC_WARN_UNINITIALIZED_AUTOS = YES_AGGRESSIVE;
				GCC_WARN_UNUSED_FUNCTION = YES;
				GCC_WARN_UNUSED_VARIABLE = YES;
				IPHONEOS_DEPLOYMENT_TARGET = 8.4;
				MTL_ENABLE_DEBUG_INFO = YES;
				ONLY_ACTIVE_ARCH = YES;
				SDKROOT = iphoneos;
				TARGETED_DEVICE_FAMILY = "1,2";
			};
			name = Debug;
		};
		93679C641BA3D811002B2401 /* Release */ = {
			isa = XCBuildConfiguration;
			buildSettings = {
				ALWAYS_SEARCH_USER_PATHS = NO;
				CLANG_CXX_LANGUAGE_STANDARD = "gnu++0x";
				CLANG_CXX_LIBRARY = "libc++";
				CLANG_ENABLE_MODULES = YES;
				CLANG_ENABLE_OBJC_ARC = YES;
				CLANG_WARN_BOOL_CONVERSION = YES;
				CLANG_WARN_CONSTANT_CONVERSION = YES;
				CLANG_WARN_DIRECT_OBJC_ISA_USAGE = YES_ERROR;
				CLANG_WARN_EMPTY_BODY = YES;
				CLANG_WARN_ENUM_CONVERSION = YES;
				CLANG_WARN_INT_CONVERSION = YES;
				CLANG_WARN_OBJC_ROOT_CLASS = YES_ERROR;
				CLANG_WARN_UNREACHABLE_CODE = YES;
				CLANG_WARN__DUPLICATE_METHOD_MATCH = YES;
				"CODE_SIGN_IDENTITY[sdk=iphoneos*]" = "iPhone Developer";
				COPY_PHASE_STRIP = NO;
				DEBUG_INFORMATION_FORMAT = "dwarf-with-dsym";
				ENABLE_NS_ASSERTIONS = NO;
				ENABLE_STRICT_OBJC_MSGSEND = YES;
				GCC_C_LANGUAGE_STANDARD = gnu99;
				GCC_NO_COMMON_BLOCKS = YES;
				GCC_WARN_64_TO_32_BIT_CONVERSION = YES;
				GCC_WARN_ABOUT_RETURN_TYPE = YES_ERROR;
				GCC_WARN_UNDECLARED_SELECTOR = YES;
				GCC_WARN_UNINITIALIZED_AUTOS = YES_AGGRESSIVE;
				GCC_WARN_UNUSED_FUNCTION = YES;
				GCC_WARN_UNUSED_VARIABLE = YES;
				IPHONEOS_DEPLOYMENT_TARGET = 8.4;
				MTL_ENABLE_DEBUG_INFO = NO;
				SDKROOT = iphoneos;
				TARGETED_DEVICE_FAMILY = "1,2";
				VALIDATE_PRODUCT = YES;
			};
			name = Release;
		};
		93679C661BA3D811002B2401 /* Debug */ = {
			isa = XCBuildConfiguration;
			baseConfigurationReference = 52ABED0AE7CB5C55BEC49945 /* Pods.debug.xcconfig */;
			buildSettings = {
				ASSETCATALOG_COMPILER_APPICON_NAME = AppIcon;
				ASSETCATALOG_COMPILER_LAUNCHIMAGE_NAME = LaunchImage;
				GCC_PRECOMPILE_PREFIX_HEADER = YES;
				GCC_PREFIX_HEADER = "$(SRCROOT)/AccountBook/Utils/ABPrefixHeader.pch";
				INFOPLIST_FILE = AccountBook/Info.plist;
				IPHONEOS_DEPLOYMENT_TARGET = 8.0;
				LD_RUNPATH_SEARCH_PATHS = "$(inherited) @executable_path/Frameworks";
				OTHER_LDFLAGS = "$(inherited)";
				PRODUCT_BUNDLE_IDENTIFIER = "com.mtry.$(PRODUCT_NAME:rfc1034identifier)";
				PRODUCT_NAME = "$(TARGET_NAME)";
				TARGETED_DEVICE_FAMILY = 1;
			};
			name = Debug;
		};
		93679C671BA3D811002B2401 /* Release */ = {
			isa = XCBuildConfiguration;
			baseConfigurationReference = 8B2781DD69BA9EB5951B2653 /* Pods.release.xcconfig */;
			buildSettings = {
				ASSETCATALOG_COMPILER_APPICON_NAME = AppIcon;
				ASSETCATALOG_COMPILER_LAUNCHIMAGE_NAME = LaunchImage;
				GCC_PRECOMPILE_PREFIX_HEADER = YES;
				GCC_PREFIX_HEADER = "$(SRCROOT)/AccountBook/Utils/ABPrefixHeader.pch";
				INFOPLIST_FILE = AccountBook/Info.plist;
				IPHONEOS_DEPLOYMENT_TARGET = 8.0;
				LD_RUNPATH_SEARCH_PATHS = "$(inherited) @executable_path/Frameworks";
				OTHER_LDFLAGS = "$(inherited)";
				PRODUCT_BUNDLE_IDENTIFIER = "com.mtry.$(PRODUCT_NAME:rfc1034identifier)";
				PRODUCT_NAME = "$(TARGET_NAME)";
				TARGETED_DEVICE_FAMILY = 1;
			};
			name = Release;
		};
		93679C691BA3D811002B2401 /* Debug */ = {
			isa = XCBuildConfiguration;
			buildSettings = {
				BUNDLE_LOADER = "$(TEST_HOST)";
				FRAMEWORK_SEARCH_PATHS = (
					"$(SDKROOT)/Developer/Library/Frameworks",
					"$(inherited)",
				);
				GCC_PREPROCESSOR_DEFINITIONS = (
					"DEBUG=1",
					"$(inherited)",
				);
				INFOPLIST_FILE = AccountBookTests/Info.plist;
				LD_RUNPATH_SEARCH_PATHS = "$(inherited) @executable_path/Frameworks @loader_path/Frameworks";
				PRODUCT_BUNDLE_IDENTIFIER = "com.mtry.$(PRODUCT_NAME:rfc1034identifier)";
				PRODUCT_NAME = "$(TARGET_NAME)";
				TEST_HOST = "$(BUILT_PRODUCTS_DIR)/AccountBook.app/AccountBook";
			};
			name = Debug;
		};
		93679C6A1BA3D811002B2401 /* Release */ = {
			isa = XCBuildConfiguration;
			buildSettings = {
				BUNDLE_LOADER = "$(TEST_HOST)";
				FRAMEWORK_SEARCH_PATHS = (
					"$(SDKROOT)/Developer/Library/Frameworks",
					"$(inherited)",
				);
				INFOPLIST_FILE = AccountBookTests/Info.plist;
				LD_RUNPATH_SEARCH_PATHS = "$(inherited) @executable_path/Frameworks @loader_path/Frameworks";
				PRODUCT_BUNDLE_IDENTIFIER = "com.mtry.$(PRODUCT_NAME:rfc1034identifier)";
				PRODUCT_NAME = "$(TARGET_NAME)";
				TEST_HOST = "$(BUILT_PRODUCTS_DIR)/AccountBook.app/AccountBook";
			};
			name = Release;
		};
/* End XCBuildConfiguration section */

/* Begin XCConfigurationList section */
		93679C3D1BA3D810002B2401 /* Build configuration list for PBXProject "AccountBook" */ = {
			isa = XCConfigurationList;
			buildConfigurations = (
				93679C631BA3D811002B2401 /* Debug */,
				93679C641BA3D811002B2401 /* Release */,
			);
			defaultConfigurationIsVisible = 0;
			defaultConfigurationName = Release;
		};
		93679C651BA3D811002B2401 /* Build configuration list for PBXNativeTarget "AccountBook" */ = {
			isa = XCConfigurationList;
			buildConfigurations = (
				93679C661BA3D811002B2401 /* Debug */,
				93679C671BA3D811002B2401 /* Release */,
			);
			defaultConfigurationIsVisible = 0;
			defaultConfigurationName = Release;
		};
		93679C681BA3D811002B2401 /* Build configuration list for PBXNativeTarget "AccountBookTests" */ = {
			isa = XCConfigurationList;
			buildConfigurations = (
				93679C691BA3D811002B2401 /* Debug */,
				93679C6A1BA3D811002B2401 /* Release */,
			);
			defaultConfigurationIsVisible = 0;
			defaultConfigurationName = Release;
		};
/* End XCConfigurationList section */

/* Begin XCVersionGroup section */
		938A4D821BD0E5BE00EE0630 /* Model.xcdatamodeld */ = {
			isa = XCVersionGroup;
			children = (
				938A4D831BD0E5BE00EE0630 /* Model.xcdatamodel */,
			);
			currentVersion = 938A4D831BD0E5BE00EE0630 /* Model.xcdatamodel */;
			path = Model.xcdatamodeld;
			sourceTree = "<group>";
			versionGroupType = wrapper.xcdatamodel;
		};
/* End XCVersionGroup section */
	};
	rootObject = 93679C3A1BA3D810002B2401 /* Project object */;
}
