// !$*UTF8*$!
{
	archiveVersion = 1;
	classes = {
	};
	objectVersion = 46;
	objects = {

/* Begin PBXBuildFile section */
		93562DB11D45E7FE00E6B27A /* LaunchScreen.storyboard in Resources */ = {isa = PBXBuildFile; fileRef = 93562DB01D45E7FE00E6B27A /* LaunchScreen.storyboard */; };
		936FDD321D41BF4E007E3489 /* UIButton+MTEdgeInsets.m in Sources */ = {isa = PBXBuildFile; fileRef = 936FDD311D41BF4E007E3489 /* UIButton+MTEdgeInsets.m */; };
		936FDD351D41C00A007E3489 /* ABTextViewController.m in Sources */ = {isa = PBXBuildFile; fileRef = 936FDD341D41C00A007E3489 /* ABTextViewController.m */; };
		936FDD3A1D41FC40007E3489 /* ABCenterDataManager.m in Sources */ = {isa = PBXBuildFile; fileRef = 936FDD391D41FC40007E3489 /* ABCenterDataManager.m */; };
		936FDD3E1D420EEB007E3489 /* ABCategoryCoreDataManager.m in Sources */ = {isa = PBXBuildFile; fileRef = 936FDD3D1D420EEB007E3489 /* ABCategoryCoreDataManager.m */; };
		936FDD411D420F07007E3489 /* ABChargeCoreDataManager.m in Sources */ = {isa = PBXBuildFile; fileRef = 936FDD401D420F07007E3489 /* ABChargeCoreDataManager.m */; };
		936FDD441D421757007E3489 /* ABMergeDataCenter.m in Sources */ = {isa = PBXBuildFile; fileRef = 936FDD431D421757007E3489 /* ABMergeDataCenter.m */; };
		937236CF1D4109910068C30A /* AccountBook.entitlements in Resources */ = {isa = PBXBuildFile; fileRef = 937236301D4109910068C30A /* AccountBook.entitlements */; };
		937236D11D4109910068C30A /* InfoPlist.strings in Resources */ = {isa = PBXBuildFile; fileRef = 937236331D4109910068C30A /* InfoPlist.strings */; };
		937236D21D4109910068C30A /* Localizable.strings in Resources */ = {isa = PBXBuildFile; fileRef = 937236351D4109910068C30A /* Localizable.strings */; };
		937236D41D4109910068C30A /* ABViewController.m in Sources */ = {isa = PBXBuildFile; fileRef = 9372363C1D4109910068C30A /* ABViewController.m */; };
		937236D51D4109910068C30A /* ABCategoryCell.m in Sources */ = {isa = PBXBuildFile; fileRef = 9372363F1D4109910068C30A /* ABCategoryCell.m */; };
		937236D61D4109910068C30A /* ABCategoryDataManger.m in Sources */ = {isa = PBXBuildFile; fileRef = 937236411D4109910068C30A /* ABCategoryDataManger.m */; };
		937236D71D4109910068C30A /* ABCategoryModel.m in Sources */ = {isa = PBXBuildFile; fileRef = 937236431D4109910068C30A /* ABCategoryModel.m */; };
		937236D81D4109910068C30A /* ABCategoryViewController.m in Sources */ = {isa = PBXBuildFile; fileRef = 937236451D4109910068C30A /* ABCategoryViewController.m */; };
		937236D91D4109910068C30A /* ABChargeDataManger.m in Sources */ = {isa = PBXBuildFile; fileRef = 937236481D4109910068C30A /* ABChargeDataManger.m */; };
		937236DA1D4109910068C30A /* ABChargeEditCell.m in Sources */ = {isa = PBXBuildFile; fileRef = 9372364A1D4109910068C30A /* ABChargeEditCell.m */; };
		937236DB1D4109910068C30A /* ABChargeEditDataManager.m in Sources */ = {isa = PBXBuildFile; fileRef = 9372364C1D4109910068C30A /* ABChargeEditDataManager.m */; };
		937236DD1D4109910068C30A /* ABChargeEditViewController.m in Sources */ = {isa = PBXBuildFile; fileRef = 937236501D4109910068C30A /* ABChargeEditViewController.m */; };
		937236DE1D4109910068C30A /* ABChargeListCell.m in Sources */ = {isa = PBXBuildFile; fileRef = 937236521D4109910068C30A /* ABChargeListCell.m */; };
		937236DF1D4109910068C30A /* ABChargeListViewController.m in Sources */ = {isa = PBXBuildFile; fileRef = 937236541D4109910068C30A /* ABChargeListViewController.m */; };
		937236E01D4109910068C30A /* ABChargeModel.m in Sources */ = {isa = PBXBuildFile; fileRef = 937236561D4109910068C30A /* ABChargeModel.m */; };
		937236E11D4109910068C30A /* ABDatePicker.m in Sources */ = {isa = PBXBuildFile; fileRef = 937236581D4109910068C30A /* ABDatePicker.m */; };
		937236E21D4109910068C30A /* ABStatisticsView.m in Sources */ = {isa = PBXBuildFile; fileRef = 9372365A1D4109910068C30A /* ABStatisticsView.m */; };
		937236E31D4109910068C30A /* ABSetDataManager.m in Sources */ = {isa = PBXBuildFile; fileRef = 9372365D1D4109910068C30A /* ABSetDataManager.m */; };
		937236E41D4109910068C30A /* ABSetViewController.m in Sources */ = {isa = PBXBuildFile; fileRef = 9372365F1D4109910068C30A /* ABSetViewController.m */; };
		937236E81D4109910068C30A /* ABCoreDataHelper.m in Sources */ = {isa = PBXBuildFile; fileRef = 9372366F1D4109910068C30A /* ABCoreDataHelper.m */; };
		937236E91D4109910068C30A /* ABCategoryEntity.m in Sources */ = {isa = PBXBuildFile; fileRef = 937236721D4109910068C30A /* ABCategoryEntity.m */; };
		937236EA1D4109910068C30A /* ABChargeEntity.m in Sources */ = {isa = PBXBuildFile; fileRef = 937236741D4109910068C30A /* ABChargeEntity.m */; };
		937236EB1D4109910068C30A /* Model.xcdatamodeld in Sources */ = {isa = PBXBuildFile; fileRef = 937236751D4109910068C30A /* Model.xcdatamodeld */; };
		937236EC1D4109910068C30A /* ABCloudKit.m in Sources */ = {isa = PBXBuildFile; fileRef = 937236791D4109910068C30A /* ABCloudKit.m */; };
		937236EE1D4109910068C30A /* UIColor+Category.m in Sources */ = {isa = PBXBuildFile; fileRef = 937236831D4109910068C30A /* UIColor+Category.m */; };
		937236F01D4109910068C30A /* ABUtils.m in Sources */ = {isa = PBXBuildFile; fileRef = 937236891D4109910068C30A /* ABUtils.m */; };
		937236F11D4109910068C30A /* UIView+MTAutoLayout.m in Sources */ = {isa = PBXBuildFile; fileRef = 9372368D1D4109910068C30A /* UIView+MTAutoLayout.m */; };
		937236F21D4109910068C30A /* MTMultiTargetCallBack.m in Sources */ = {isa = PBXBuildFile; fileRef = 937236901D4109910068C30A /* MTMultiTargetCallBack.m */; };
		937236F31D4109910068C30A /* MTProgressHUD.m in Sources */ = {isa = PBXBuildFile; fileRef = 937236931D4109910068C30A /* MTProgressHUD.m */; };
		937236F41D4109910068C30A /* Images.xcassets in Resources */ = {isa = PBXBuildFile; fileRef = 937236941D4109910068C30A /* Images.xcassets */; };
		937236F51D4109910068C30A /* ABAppDelegate.m in Sources */ = {isa = PBXBuildFile; fileRef = 937236971D4109910068C30A /* ABAppDelegate.m */; };
		937236F61D4109910068C30A /* ABPasscodeHelper.m in Sources */ = {isa = PBXBuildFile; fileRef = 9372369B1D4109910068C30A /* ABPasscodeHelper.m */; };
		937236F71D4109910068C30A /* DMKeychain.m in Sources */ = {isa = PBXBuildFile; fileRef = 9372369E1D4109910068C30A /* DMKeychain.m */; };
		937236F81D4109910068C30A /* DMPasscode.m in Sources */ = {isa = PBXBuildFile; fileRef = 937236A01D4109910068C30A /* DMPasscode.m */; };
		937236F91D4109910068C30A /* DMPasscodeConfig.m in Sources */ = {isa = PBXBuildFile; fileRef = 937236A21D4109910068C30A /* DMPasscodeConfig.m */; };
		937236FA1D4109910068C30A /* DMPasscodeInternalField.m in Sources */ = {isa = PBXBuildFile; fileRef = 937236A41D4109910068C30A /* DMPasscodeInternalField.m */; };
		937236FB1D4109910068C30A /* DMPasscodeInternalNavigationController.m in Sources */ = {isa = PBXBuildFile; fileRef = 937236A61D4109910068C30A /* DMPasscodeInternalNavigationController.m */; };
		937236FC1D4109910068C30A /* DMPasscodeInternalViewController.m in Sources */ = {isa = PBXBuildFile; fileRef = 937236A81D4109910068C30A /* DMPasscodeInternalViewController.m */; };
		937236FD1D4109910068C30A /* MJDictionaryCache.m in Sources */ = {isa = PBXBuildFile; fileRef = 937236AB1D4109910068C30A /* MJDictionaryCache.m */; };
		937236FE1D4109910068C30A /* MJExtensionConst.m in Sources */ = {isa = PBXBuildFile; fileRef = 937236AE1D4109910068C30A /* MJExtensionConst.m */; };
		937236FF1D4109910068C30A /* MJFoundation.m in Sources */ = {isa = PBXBuildFile; fileRef = 937236B01D4109910068C30A /* MJFoundation.m */; };
		937237001D4109910068C30A /* MJProperty.m in Sources */ = {isa = PBXBuildFile; fileRef = 937236B21D4109910068C30A /* MJProperty.m */; };
		937237011D4109910068C30A /* MJPropertyKey.m in Sources */ = {isa = PBXBuildFile; fileRef = 937236B41D4109910068C30A /* MJPropertyKey.m */; };
		937237021D4109910068C30A /* MJPropertyType.m in Sources */ = {isa = PBXBuildFile; fileRef = 937236B61D4109910068C30A /* MJPropertyType.m */; };
		937237031D4109910068C30A /* NSObject+MJClass.m in Sources */ = {isa = PBXBuildFile; fileRef = 937236B81D4109910068C30A /* NSObject+MJClass.m */; };
		937237041D4109910068C30A /* NSObject+MJCoding.m in Sources */ = {isa = PBXBuildFile; fileRef = 937236BA1D4109910068C30A /* NSObject+MJCoding.m */; };
		937237051D4109910068C30A /* NSObject+MJKeyValue.m in Sources */ = {isa = PBXBuildFile; fileRef = 937236BC1D4109910068C30A /* NSObject+MJKeyValue.m */; };
		937237061D4109910068C30A /* NSObject+MJProperty.m in Sources */ = {isa = PBXBuildFile; fileRef = 937236BE1D4109910068C30A /* NSObject+MJProperty.m */; };
		937237071D4109910068C30A /* NSString+MJExtension.m in Sources */ = {isa = PBXBuildFile; fileRef = 937236C01D4109910068C30A /* NSString+MJExtension.m */; };
		937237081D4109910068C30A /* ABUMengHelper.m in Sources */ = {isa = PBXBuildFile; fileRef = 937236C31D4109910068C30A /* ABUMengHelper.m */; };
		937237091D4109910068C30A /* libMobClickLibrary.a in Frameworks */ = {isa = PBXBuildFile; fileRef = 937236C51D4109910068C30A /* libMobClickLibrary.a */; };
		9372370D1D410A860068C30A /* ABChargeEditModel.m in Sources */ = {isa = PBXBuildFile; fileRef = 9372370C1D410A860068C30A /* ABChargeEditModel.m */; };
		9372370F1D410AF20068C30A /* main.m in Sources */ = {isa = PBXBuildFile; fileRef = 9372370E1D410AF20068C30A /* main.m */; };
		937237121D410B640068C30A /* NSString+Category.m in Sources */ = {isa = PBXBuildFile; fileRef = 937237111D410B640068C30A /* NSString+Category.m */; };
		938AEFBB1C8E7B2D00262E0E /* libz.tbd in Frameworks */ = {isa = PBXBuildFile; fileRef = 938AEFBA1C8E7B2D00262E0E /* libz.tbd */; };
		93938FBA1BF32E6D008CDDD4 /* CloudKit.framework in Frameworks */ = {isa = PBXBuildFile; fileRef = 93938FB91BF32E6D008CDDD4 /* CloudKit.framework */; };
/* End PBXBuildFile section */

/* Begin PBXFileReference section */
		93562DB01D45E7FE00E6B27A /* LaunchScreen.storyboard */ = {isa = PBXFileReference; fileEncoding = 4; lastKnownFileType = file.storyboard; name = LaunchScreen.storyboard; path = AccountBook/LaunchScreen.storyboard; sourceTree = "<group>"; };
		93679C421BA3D811002B2401 /* AccountBook.app */ = {isa = PBXFileReference; explicitFileType = wrapper.application; includeInIndex = 0; path = AccountBook.app; sourceTree = BUILT_PRODUCTS_DIR; };
		936FDD301D41BF4E007E3489 /* UIButton+MTEdgeInsets.h */ = {isa = PBXFileReference; fileEncoding = 4; lastKnownFileType = sourcecode.c.h; path = "UIButton+MTEdgeInsets.h"; sourceTree = "<group>"; };
		936FDD311D41BF4E007E3489 /* UIButton+MTEdgeInsets.m */ = {isa = PBXFileReference; fileEncoding = 4; lastKnownFileType = sourcecode.c.objc; path = "UIButton+MTEdgeInsets.m"; sourceTree = "<group>"; };
		936FDD331D41C00A007E3489 /* ABTextViewController.h */ = {isa = PBXFileReference; fileEncoding = 4; lastKnownFileType = sourcecode.c.h; path = ABTextViewController.h; sourceTree = "<group>"; };
		936FDD341D41C00A007E3489 /* ABTextViewController.m */ = {isa = PBXFileReference; fileEncoding = 4; lastKnownFileType = sourcecode.c.objc; path = ABTextViewController.m; sourceTree = "<group>"; };
		936FDD371D41FBA7007E3489 /* ABSyncProtocol.h */ = {isa = PBXFileReference; lastKnownFileType = sourcecode.c.h; path = ABSyncProtocol.h; sourceTree = "<group>"; };
		936FDD381D41FC40007E3489 /* ABCenterDataManager.h */ = {isa = PBXFileReference; fileEncoding = 4; lastKnownFileType = sourcecode.c.h; path = ABCenterDataManager.h; sourceTree = "<group>"; };
		936FDD391D41FC40007E3489 /* ABCenterDataManager.m */ = {isa = PBXFileReference; fileEncoding = 4; lastKnownFileType = sourcecode.c.objc; path = ABCenterDataManager.m; sourceTree = "<group>"; };
		936FDD3C1D420EEB007E3489 /* ABCategoryCoreDataManager.h */ = {isa = PBXFileReference; fileEncoding = 4; lastKnownFileType = sourcecode.c.h; path = ABCategoryCoreDataManager.h; sourceTree = "<group>"; };
		936FDD3D1D420EEB007E3489 /* ABCategoryCoreDataManager.m */ = {isa = PBXFileReference; fileEncoding = 4; lastKnownFileType = sourcecode.c.objc; path = ABCategoryCoreDataManager.m; sourceTree = "<group>"; };
		936FDD3F1D420F07007E3489 /* ABChargeCoreDataManager.h */ = {isa = PBXFileReference; fileEncoding = 4; lastKnownFileType = sourcecode.c.h; path = ABChargeCoreDataManager.h; sourceTree = "<group>"; };
		936FDD401D420F07007E3489 /* ABChargeCoreDataManager.m */ = {isa = PBXFileReference; fileEncoding = 4; lastKnownFileType = sourcecode.c.objc; path = ABChargeCoreDataManager.m; sourceTree = "<group>"; };
		936FDD421D421757007E3489 /* ABMergeDataCenter.h */ = {isa = PBXFileReference; fileEncoding = 4; lastKnownFileType = sourcecode.c.h; path = ABMergeDataCenter.h; sourceTree = "<group>"; };
		936FDD431D421757007E3489 /* ABMergeDataCenter.m */ = {isa = PBXFileReference; fileEncoding = 4; lastKnownFileType = sourcecode.c.objc; path = ABMergeDataCenter.m; sourceTree = "<group>"; };
		9372362F1D4109910068C30A /* ABPrefixHeader.pch */ = {isa = PBXFileReference; fileEncoding = 4; lastKnownFileType = sourcecode.c.h; name = ABPrefixHeader.pch; path = AccountBook/ABPrefixHeader.pch; sourceTree = "<group>"; };
		937236301D4109910068C30A /* AccountBook.entitlements */ = {isa = PBXFileReference; fileEncoding = 4; lastKnownFileType = text.xml; name = AccountBook.entitlements; path = AccountBook/AccountBook.entitlements; sourceTree = "<group>"; };
		937236341D4109910068C30A /* Base */ = {isa = PBXFileReference; lastKnownFileType = text.plist.strings; name = Base; path = Base.lproj/InfoPlist.strings; sourceTree = "<group>"; };
		937236361D4109910068C30A /* Base */ = {isa = PBXFileReference; lastKnownFileType = text.plist.strings; name = Base; path = Base.lproj/Localizable.strings; sourceTree = "<group>"; };
		9372363B1D4109910068C30A /* ABViewController.h */ = {isa = PBXFileReference; fileEncoding = 4; lastKnownFileType = sourcecode.c.h; path = ABViewController.h; sourceTree = "<group>"; };
		9372363C1D4109910068C30A /* ABViewController.m */ = {isa = PBXFileReference; fileEncoding = 4; lastKnownFileType = sourcecode.c.objc; path = ABViewController.m; sourceTree = "<group>"; };
		9372363E1D4109910068C30A /* ABCategoryCell.h */ = {isa = PBXFileReference; fileEncoding = 4; lastKnownFileType = sourcecode.c.h; path = ABCategoryCell.h; sourceTree = "<group>"; };
		9372363F1D4109910068C30A /* ABCategoryCell.m */ = {isa = PBXFileReference; fileEncoding = 4; lastKnownFileType = sourcecode.c.objc; path = ABCategoryCell.m; sourceTree = "<group>"; };
		937236401D4109910068C30A /* ABCategoryDataManger.h */ = {isa = PBXFileReference; fileEncoding = 4; lastKnownFileType = sourcecode.c.h; path = ABCategoryDataManger.h; sourceTree = "<group>"; };
		937236411D4109910068C30A /* ABCategoryDataManger.m */ = {isa = PBXFileReference; fileEncoding = 4; lastKnownFileType = sourcecode.c.objc; path = ABCategoryDataManger.m; sourceTree = "<group>"; };
		937236421D4109910068C30A /* ABCategoryModel.h */ = {isa = PBXFileReference; fileEncoding = 4; lastKnownFileType = sourcecode.c.h; path = ABCategoryModel.h; sourceTree = "<group>"; };
		937236431D4109910068C30A /* ABCategoryModel.m */ = {isa = PBXFileReference; fileEncoding = 4; lastKnownFileType = sourcecode.c.objc; path = ABCategoryModel.m; sourceTree = "<group>"; };
		937236441D4109910068C30A /* ABCategoryViewController.h */ = {isa = PBXFileReference; fileEncoding = 4; lastKnownFileType = sourcecode.c.h; path = ABCategoryViewController.h; sourceTree = "<group>"; };
		937236451D4109910068C30A /* ABCategoryViewController.m */ = {isa = PBXFileReference; fileEncoding = 4; lastKnownFileType = sourcecode.c.objc; path = ABCategoryViewController.m; sourceTree = "<group>"; };
		937236471D4109910068C30A /* ABChargeDataManger.h */ = {isa = PBXFileReference; fileEncoding = 4; lastKnownFileType = sourcecode.c.h; path = ABChargeDataManger.h; sourceTree = "<group>"; };
		937236481D4109910068C30A /* ABChargeDataManger.m */ = {isa = PBXFileReference; fileEncoding = 4; lastKnownFileType = sourcecode.c.objc; path = ABChargeDataManger.m; sourceTree = "<group>"; };
		937236491D4109910068C30A /* ABChargeEditCell.h */ = {isa = PBXFileReference; fileEncoding = 4; lastKnownFileType = sourcecode.c.h; path = ABChargeEditCell.h; sourceTree = "<group>"; };
		9372364A1D4109910068C30A /* ABChargeEditCell.m */ = {isa = PBXFileReference; fileEncoding = 4; lastKnownFileType = sourcecode.c.objc; path = ABChargeEditCell.m; sourceTree = "<group>"; };
		9372364B1D4109910068C30A /* ABChargeEditDataManager.h */ = {isa = PBXFileReference; fileEncoding = 4; lastKnownFileType = sourcecode.c.h; path = ABChargeEditDataManager.h; sourceTree = "<group>"; };
		9372364C1D4109910068C30A /* ABChargeEditDataManager.m */ = {isa = PBXFileReference; fileEncoding = 4; lastKnownFileType = sourcecode.c.objc; path = ABChargeEditDataManager.m; sourceTree = "<group>"; };
		9372364F1D4109910068C30A /* ABChargeEditViewController.h */ = {isa = PBXFileReference; fileEncoding = 4; lastKnownFileType = sourcecode.c.h; path = ABChargeEditViewController.h; sourceTree = "<group>"; };
		937236501D4109910068C30A /* ABChargeEditViewController.m */ = {isa = PBXFileReference; fileEncoding = 4; lastKnownFileType = sourcecode.c.objc; path = ABChargeEditViewController.m; sourceTree = "<group>"; };
		937236511D4109910068C30A /* ABChargeListCell.h */ = {isa = PBXFileReference; fileEncoding = 4; lastKnownFileType = sourcecode.c.h; path = ABChargeListCell.h; sourceTree = "<group>"; };
		937236521D4109910068C30A /* ABChargeListCell.m */ = {isa = PBXFileReference; fileEncoding = 4; lastKnownFileType = sourcecode.c.objc; path = ABChargeListCell.m; sourceTree = "<group>"; };
		937236531D4109910068C30A /* ABChargeListViewController.h */ = {isa = PBXFileReference; fileEncoding = 4; lastKnownFileType = sourcecode.c.h; path = ABChargeListViewController.h; sourceTree = "<group>"; };
		937236541D4109910068C30A /* ABChargeListViewController.m */ = {isa = PBXFileReference; fileEncoding = 4; lastKnownFileType = sourcecode.c.objc; path = ABChargeListViewController.m; sourceTree = "<group>"; };
		937236551D4109910068C30A /* ABChargeModel.h */ = {isa = PBXFileReference; fileEncoding = 4; lastKnownFileType = sourcecode.c.h; path = ABChargeModel.h; sourceTree = "<group>"; };
		937236561D4109910068C30A /* ABChargeModel.m */ = {isa = PBXFileReference; fileEncoding = 4; lastKnownFileType = sourcecode.c.objc; path = ABChargeModel.m; sourceTree = "<group>"; };
		937236571D4109910068C30A /* ABDatePicker.h */ = {isa = PBXFileReference; fileEncoding = 4; lastKnownFileType = sourcecode.c.h; path = ABDatePicker.h; sourceTree = "<group>"; };
		937236581D4109910068C30A /* ABDatePicker.m */ = {isa = PBXFileReference; fileEncoding = 4; lastKnownFileType = sourcecode.c.objc; path = ABDatePicker.m; sourceTree = "<group>"; };
		937236591D4109910068C30A /* ABStatisticsView.h */ = {isa = PBXFileReference; fileEncoding = 4; lastKnownFileType = sourcecode.c.h; path = ABStatisticsView.h; sourceTree = "<group>"; };
		9372365A1D4109910068C30A /* ABStatisticsView.m */ = {isa = PBXFileReference; fileEncoding = 4; lastKnownFileType = sourcecode.c.objc; path = ABStatisticsView.m; sourceTree = "<group>"; };
		9372365C1D4109910068C30A /* ABSetDataManager.h */ = {isa = PBXFileReference; fileEncoding = 4; lastKnownFileType = sourcecode.c.h; path = ABSetDataManager.h; sourceTree = "<group>"; };
		9372365D1D4109910068C30A /* ABSetDataManager.m */ = {isa = PBXFileReference; fileEncoding = 4; lastKnownFileType = sourcecode.c.objc; path = ABSetDataManager.m; sourceTree = "<group>"; };
		9372365E1D4109910068C30A /* ABSetViewController.h */ = {isa = PBXFileReference; fileEncoding = 4; lastKnownFileType = sourcecode.c.h; path = ABSetViewController.h; sourceTree = "<group>"; };
		9372365F1D4109910068C30A /* ABSetViewController.m */ = {isa = PBXFileReference; fileEncoding = 4; lastKnownFileType = sourcecode.c.objc; path = ABSetViewController.m; sourceTree = "<group>"; };
		9372366E1D4109910068C30A /* ABCoreDataHelper.h */ = {isa = PBXFileReference; fileEncoding = 4; lastKnownFileType = sourcecode.c.h; path = ABCoreDataHelper.h; sourceTree = "<group>"; };
		9372366F1D4109910068C30A /* ABCoreDataHelper.m */ = {isa = PBXFileReference; fileEncoding = 4; lastKnownFileType = sourcecode.c.objc; path = ABCoreDataHelper.m; sourceTree = "<group>"; };
		937236711D4109910068C30A /* ABCategoryEntity.h */ = {isa = PBXFileReference; fileEncoding = 4; lastKnownFileType = sourcecode.c.h; path = ABCategoryEntity.h; sourceTree = "<group>"; };
		937236721D4109910068C30A /* ABCategoryEntity.m */ = {isa = PBXFileReference; fileEncoding = 4; lastKnownFileType = sourcecode.c.objc; path = ABCategoryEntity.m; sourceTree = "<group>"; };
		937236731D4109910068C30A /* ABChargeEntity.h */ = {isa = PBXFileReference; fileEncoding = 4; lastKnownFileType = sourcecode.c.h; path = ABChargeEntity.h; sourceTree = "<group>"; };
		937236741D4109910068C30A /* ABChargeEntity.m */ = {isa = PBXFileReference; fileEncoding = 4; lastKnownFileType = sourcecode.c.objc; path = ABChargeEntity.m; sourceTree = "<group>"; };
		937236761D4109910068C30A /* Model.xcdatamodel */ = {isa = PBXFileReference; lastKnownFileType = wrapper.xcdatamodel; path = Model.xcdatamodel; sourceTree = "<group>"; };
		937236781D4109910068C30A /* ABCloudKit.h */ = {isa = PBXFileReference; fileEncoding = 4; lastKnownFileType = sourcecode.c.h; path = ABCloudKit.h; sourceTree = "<group>"; };
		937236791D4109910068C30A /* ABCloudKit.m */ = {isa = PBXFileReference; fileEncoding = 4; lastKnownFileType = sourcecode.c.objc; path = ABCloudKit.m; sourceTree = "<group>"; };
		9372367B1D4109910068C30A /* en */ = {isa = PBXFileReference; lastKnownFileType = text.plist.strings; name = en; path = en.lproj/InfoPlist.strings; sourceTree = "<group>"; };
		9372367C1D4109910068C30A /* en */ = {isa = PBXFileReference; lastKnownFileType = text.plist.strings; name = en; path = en.lproj/Localizable.strings; sourceTree = "<group>"; };
		937236821D4109910068C30A /* UIColor+Category.h */ = {isa = PBXFileReference; fileEncoding = 4; lastKnownFileType = sourcecode.c.h; path = "UIColor+Category.h"; sourceTree = "<group>"; };
		937236831D4109910068C30A /* UIColor+Category.m */ = {isa = PBXFileReference; fileEncoding = 4; lastKnownFileType = sourcecode.c.objc; path = "UIColor+Category.m"; sourceTree = "<group>"; };
		937236851D4109910068C30A /* ABDefine.h */ = {isa = PBXFileReference; fileEncoding = 4; lastKnownFileType = sourcecode.c.h; path = ABDefine.h; sourceTree = "<group>"; };
		937236881D4109910068C30A /* ABUtils.h */ = {isa = PBXFileReference; fileEncoding = 4; lastKnownFileType = sourcecode.c.h; path = ABUtils.h; sourceTree = "<group>"; };
		937236891D4109910068C30A /* ABUtils.m */ = {isa = PBXFileReference; fileEncoding = 4; lastKnownFileType = sourcecode.c.objc; path = ABUtils.m; sourceTree = "<group>"; };
		9372368C1D4109910068C30A /* UIView+MTAutoLayout.h */ = {isa = PBXFileReference; fileEncoding = 4; lastKnownFileType = sourcecode.c.h; path = "UIView+MTAutoLayout.h"; sourceTree = "<group>"; };
		9372368D1D4109910068C30A /* UIView+MTAutoLayout.m */ = {isa = PBXFileReference; fileEncoding = 4; lastKnownFileType = sourcecode.c.objc; path = "UIView+MTAutoLayout.m"; sourceTree = "<group>"; };
		9372368F1D4109910068C30A /* MTMultiTargetCallBack.h */ = {isa = PBXFileReference; fileEncoding = 4; lastKnownFileType = sourcecode.c.h; path = MTMultiTargetCallBack.h; sourceTree = "<group>"; };
		937236901D4109910068C30A /* MTMultiTargetCallBack.m */ = {isa = PBXFileReference; fileEncoding = 4; lastKnownFileType = sourcecode.c.objc; path = MTMultiTargetCallBack.m; sourceTree = "<group>"; };
		937236921D4109910068C30A /* MTProgressHUD.h */ = {isa = PBXFileReference; fileEncoding = 4; lastKnownFileType = sourcecode.c.h; path = MTProgressHUD.h; sourceTree = "<group>"; };
		937236931D4109910068C30A /* MTProgressHUD.m */ = {isa = PBXFileReference; fileEncoding = 4; lastKnownFileType = sourcecode.c.objc; path = MTProgressHUD.m; sourceTree = "<group>"; };
		937236941D4109910068C30A /* Images.xcassets */ = {isa = PBXFileReference; lastKnownFileType = folder.assetcatalog; name = Images.xcassets; path = AccountBook/Images.xcassets; sourceTree = "<group>"; };
		937236961D4109910068C30A /* ABAppDelegate.h */ = {isa = PBXFileReference; fileEncoding = 4; lastKnownFileType = sourcecode.c.h; path = ABAppDelegate.h; sourceTree = "<group>"; };
		937236971D4109910068C30A /* ABAppDelegate.m */ = {isa = PBXFileReference; fileEncoding = 4; lastKnownFileType = sourcecode.c.objc; path = ABAppDelegate.m; sourceTree = "<group>"; };
		9372369A1D4109910068C30A /* ABPasscodeHelper.h */ = {isa = PBXFileReference; fileEncoding = 4; lastKnownFileType = sourcecode.c.h; path = ABPasscodeHelper.h; sourceTree = "<group>"; };
		9372369B1D4109910068C30A /* ABPasscodeHelper.m */ = {isa = PBXFileReference; fileEncoding = 4; lastKnownFileType = sourcecode.c.objc; path = ABPasscodeHelper.m; sourceTree = "<group>"; };
		9372369D1D4109910068C30A /* DMKeychain.h */ = {isa = PBXFileReference; fileEncoding = 4; lastKnownFileType = sourcecode.c.h; path = DMKeychain.h; sourceTree = "<group>"; };
		9372369E1D4109910068C30A /* DMKeychain.m */ = {isa = PBXFileReference; fileEncoding = 4; lastKnownFileType = sourcecode.c.objc; path = DMKeychain.m; sourceTree = "<group>"; };
		9372369F1D4109910068C30A /* DMPasscode.h */ = {isa = PBXFileReference; fileEncoding = 4; lastKnownFileType = sourcecode.c.h; path = DMPasscode.h; sourceTree = "<group>"; };
		937236A01D4109910068C30A /* DMPasscode.m */ = {isa = PBXFileReference; fileEncoding = 4; lastKnownFileType = sourcecode.c.objc; path = DMPasscode.m; sourceTree = "<group>"; };
		937236A11D4109910068C30A /* DMPasscodeConfig.h */ = {isa = PBXFileReference; fileEncoding = 4; lastKnownFileType = sourcecode.c.h; path = DMPasscodeConfig.h; sourceTree = "<group>"; };
		937236A21D4109910068C30A /* DMPasscodeConfig.m */ = {isa = PBXFileReference; fileEncoding = 4; lastKnownFileType = sourcecode.c.objc; path = DMPasscodeConfig.m; sourceTree = "<group>"; };
		937236A31D4109910068C30A /* DMPasscodeInternalField.h */ = {isa = PBXFileReference; fileEncoding = 4; lastKnownFileType = sourcecode.c.h; path = DMPasscodeInternalField.h; sourceTree = "<group>"; };
		937236A41D4109910068C30A /* DMPasscodeInternalField.m */ = {isa = PBXFileReference; fileEncoding = 4; lastKnownFileType = sourcecode.c.objc; path = DMPasscodeInternalField.m; sourceTree = "<group>"; };
		937236A51D4109910068C30A /* DMPasscodeInternalNavigationController.h */ = {isa = PBXFileReference; fileEncoding = 4; lastKnownFileType = sourcecode.c.h; path = DMPasscodeInternalNavigationController.h; sourceTree = "<group>"; };
		937236A61D4109910068C30A /* DMPasscodeInternalNavigationController.m */ = {isa = PBXFileReference; fileEncoding = 4; lastKnownFileType = sourcecode.c.objc; path = DMPasscodeInternalNavigationController.m; sourceTree = "<group>"; };
		937236A71D4109910068C30A /* DMPasscodeInternalViewController.h */ = {isa = PBXFileReference; fileEncoding = 4; lastKnownFileType = sourcecode.c.h; path = DMPasscodeInternalViewController.h; sourceTree = "<group>"; };
		937236A81D4109910068C30A /* DMPasscodeInternalViewController.m */ = {isa = PBXFileReference; fileEncoding = 4; lastKnownFileType = sourcecode.c.objc; path = DMPasscodeInternalViewController.m; sourceTree = "<group>"; };
		937236AA1D4109910068C30A /* MJDictionaryCache.h */ = {isa = PBXFileReference; fileEncoding = 4; lastKnownFileType = sourcecode.c.h; path = MJDictionaryCache.h; sourceTree = "<group>"; };
		937236AB1D4109910068C30A /* MJDictionaryCache.m */ = {isa = PBXFileReference; fileEncoding = 4; lastKnownFileType = sourcecode.c.objc; path = MJDictionaryCache.m; sourceTree = "<group>"; };
		937236AC1D4109910068C30A /* MJExtension.h */ = {isa = PBXFileReference; fileEncoding = 4; lastKnownFileType = sourcecode.c.h; path = MJExtension.h; sourceTree = "<group>"; };
		937236AD1D4109910068C30A /* MJExtensionConst.h */ = {isa = PBXFileReference; fileEncoding = 4; lastKnownFileType = sourcecode.c.h; path = MJExtensionConst.h; sourceTree = "<group>"; };
		937236AE1D4109910068C30A /* MJExtensionConst.m */ = {isa = PBXFileReference; fileEncoding = 4; lastKnownFileType = sourcecode.c.objc; path = MJExtensionConst.m; sourceTree = "<group>"; };
		937236AF1D4109910068C30A /* MJFoundation.h */ = {isa = PBXFileReference; fileEncoding = 4; lastKnownFileType = sourcecode.c.h; path = MJFoundation.h; sourceTree = "<group>"; };
		937236B01D4109910068C30A /* MJFoundation.m */ = {isa = PBXFileReference; fileEncoding = 4; lastKnownFileType = sourcecode.c.objc; path = MJFoundation.m; sourceTree = "<group>"; };
		937236B11D4109910068C30A /* MJProperty.h */ = {isa = PBXFileReference; fileEncoding = 4; lastKnownFileType = sourcecode.c.h; path = MJProperty.h; sourceTree = "<group>"; };
		937236B21D4109910068C30A /* MJProperty.m */ = {isa = PBXFileReference; fileEncoding = 4; lastKnownFileType = sourcecode.c.objc; path = MJProperty.m; sourceTree = "<group>"; };
		937236B31D4109910068C30A /* MJPropertyKey.h */ = {isa = PBXFileReference; fileEncoding = 4; lastKnownFileType = sourcecode.c.h; path = MJPropertyKey.h; sourceTree = "<group>"; };
		937236B41D4109910068C30A /* MJPropertyKey.m */ = {isa = PBXFileReference; fileEncoding = 4; lastKnownFileType = sourcecode.c.objc; path = MJPropertyKey.m; sourceTree = "<group>"; };
		937236B51D4109910068C30A /* MJPropertyType.h */ = {isa = PBXFileReference; fileEncoding = 4; lastKnownFileType = sourcecode.c.h; path = MJPropertyType.h; sourceTree = "<group>"; };
		937236B61D4109910068C30A /* MJPropertyType.m */ = {isa = PBXFileReference; fileEncoding = 4; lastKnownFileType = sourcecode.c.objc; path = MJPropertyType.m; sourceTree = "<group>"; };
		937236B71D4109910068C30A /* NSObject+MJClass.h */ = {isa = PBXFileReference; fileEncoding = 4; lastKnownFileType = sourcecode.c.h; path = "NSObject+MJClass.h"; sourceTree = "<group>"; };
		937236B81D4109910068C30A /* NSObject+MJClass.m */ = {isa = PBXFileReference; fileEncoding = 4; lastKnownFileType = sourcecode.c.objc; path = "NSObject+MJClass.m"; sourceTree = "<group>"; };
		937236B91D4109910068C30A /* NSObject+MJCoding.h */ = {isa = PBXFileReference; fileEncoding = 4; lastKnownFileType = sourcecode.c.h; path = "NSObject+MJCoding.h"; sourceTree = "<group>"; };
		937236BA1D4109910068C30A /* NSObject+MJCoding.m */ = {isa = PBXFileReference; fileEncoding = 4; lastKnownFileType = sourcecode.c.objc; path = "NSObject+MJCoding.m"; sourceTree = "<group>"; };
		937236BB1D4109910068C30A /* NSObject+MJKeyValue.h */ = {isa = PBXFileReference; fileEncoding = 4; lastKnownFileType = sourcecode.c.h; path = "NSObject+MJKeyValue.h"; sourceTree = "<group>"; };
		937236BC1D4109910068C30A /* NSObject+MJKeyValue.m */ = {isa = PBXFileReference; fileEncoding = 4; lastKnownFileType = sourcecode.c.objc; path = "NSObject+MJKeyValue.m"; sourceTree = "<group>"; };
		937236BD1D4109910068C30A /* NSObject+MJProperty.h */ = {isa = PBXFileReference; fileEncoding = 4; lastKnownFileType = sourcecode.c.h; path = "NSObject+MJProperty.h"; sourceTree = "<group>"; };
		937236BE1D4109910068C30A /* NSObject+MJProperty.m */ = {isa = PBXFileReference; fileEncoding = 4; lastKnownFileType = sourcecode.c.objc; path = "NSObject+MJProperty.m"; sourceTree = "<group>"; };
		937236BF1D4109910068C30A /* NSString+MJExtension.h */ = {isa = PBXFileReference; fileEncoding = 4; lastKnownFileType = sourcecode.c.h; path = "NSString+MJExtension.h"; sourceTree = "<group>"; };
		937236C01D4109910068C30A /* NSString+MJExtension.m */ = {isa = PBXFileReference; fileEncoding = 4; lastKnownFileType = sourcecode.c.objc; path = "NSString+MJExtension.m"; sourceTree = "<group>"; };
		937236C21D4109910068C30A /* ABUMengHelper.h */ = {isa = PBXFileReference; fileEncoding = 4; lastKnownFileType = sourcecode.c.h; path = ABUMengHelper.h; sourceTree = "<group>"; };
		937236C31D4109910068C30A /* ABUMengHelper.m */ = {isa = PBXFileReference; fileEncoding = 4; lastKnownFileType = sourcecode.c.objc; path = ABUMengHelper.m; sourceTree = "<group>"; };
		937236C51D4109910068C30A /* libMobClickLibrary.a */ = {isa = PBXFileReference; lastKnownFileType = archive.ar; path = libMobClickLibrary.a; sourceTree = "<group>"; };
		937236C61D4109910068C30A /* MobClick.h */ = {isa = PBXFileReference; fileEncoding = 4; lastKnownFileType = sourcecode.c.h; path = MobClick.h; sourceTree = "<group>"; };
		937236C71D4109910068C30A /* MobClickSocialAnalytics.h */ = {isa = PBXFileReference; fileEncoding = 4; lastKnownFileType = sourcecode.c.h; path = MobClickSocialAnalytics.h; sourceTree = "<group>"; };
		937236CD1D4109910068C30A /* zh-Hans */ = {isa = PBXFileReference; lastKnownFileType = text.plist.strings; name = "zh-Hans"; path = "zh-Hans.lproj/InfoPlist.strings"; sourceTree = "<group>"; };
		937236CE1D4109910068C30A /* zh-Hans */ = {isa = PBXFileReference; lastKnownFileType = text.plist.strings; name = "zh-Hans"; path = "zh-Hans.lproj/Localizable.strings"; sourceTree = "<group>"; };
		9372370B1D410A860068C30A /* ABChargeEditModel.h */ = {isa = PBXFileReference; fileEncoding = 4; lastKnownFileType = sourcecode.c.h; path = ABChargeEditModel.h; sourceTree = "<group>"; };
		9372370C1D410A860068C30A /* ABChargeEditModel.m */ = {isa = PBXFileReference; fileEncoding = 4; lastKnownFileType = sourcecode.c.objc; path = ABChargeEditModel.m; sourceTree = "<group>"; };
		9372370E1D410AF20068C30A /* main.m */ = {isa = PBXFileReference; fileEncoding = 4; lastKnownFileType = sourcecode.c.objc; name = main.m; path = AccountBook/main.m; sourceTree = "<group>"; };
		937237101D410B640068C30A /* NSString+Category.h */ = {isa = PBXFileReference; fileEncoding = 4; lastKnownFileType = sourcecode.c.h; path = "NSString+Category.h"; sourceTree = "<group>"; };
		937237111D410B640068C30A /* NSString+Category.m */ = {isa = PBXFileReference; fileEncoding = 4; lastKnownFileType = sourcecode.c.objc; path = "NSString+Category.m"; sourceTree = "<group>"; };
		937237151D410C7D0068C30A /* Info.plist */ = {isa = PBXFileReference; fileEncoding = 4; lastKnownFileType = text.plist.xml; name = Info.plist; path = AccountBook/Info.plist; sourceTree = "<group>"; };
		938AEFBA1C8E7B2D00262E0E /* libz.tbd */ = {isa = PBXFileReference; lastKnownFileType = "sourcecode.text-based-dylib-definition"; name = libz.tbd; path = usr/lib/libz.tbd; sourceTree = SDKROOT; };
		93938FB91BF32E6D008CDDD4 /* CloudKit.framework */ = {isa = PBXFileReference; lastKnownFileType = wrapper.framework; name = CloudKit.framework; path = System/Library/Frameworks/CloudKit.framework; sourceTree = SDKROOT; };
/* End PBXFileReference section */

/* Begin PBXFrameworksBuildPhase section */
		93679C3F1BA3D811002B2401 /* Frameworks */ = {
			isa = PBXFrameworksBuildPhase;
			buildActionMask = 2147483647;
			files = (
				937237091D4109910068C30A /* libMobClickLibrary.a in Frameworks */,
				938AEFBB1C8E7B2D00262E0E /* libz.tbd in Frameworks */,
				93938FBA1BF32E6D008CDDD4 /* CloudKit.framework in Frameworks */,
			);
			runOnlyForDeploymentPostprocessing = 0;
		};
/* End PBXFrameworksBuildPhase section */

/* Begin PBXGroup section */
		10187D2DD405954A365E3E2C /* Frameworks */ = {
			isa = PBXGroup;
			children = (
				93938FB91BF32E6D008CDDD4 /* CloudKit.framework */,
				938AEFBA1C8E7B2D00262E0E /* libz.tbd */,
			);
			name = Frameworks;
			sourceTree = "<group>";
		};
		93679C391BA3D810002B2401 = {
			isa = PBXGroup;
			children = (
				9372362E1D4109910068C30A /* AccountBook */,
				93679C431BA3D811002B2401 /* Products */,
				10187D2DD405954A365E3E2C /* Frameworks */,
			);
			sourceTree = "<group>";
		};
		93679C431BA3D811002B2401 /* Products */ = {
			isa = PBXGroup;
			children = (
				93679C421BA3D811002B2401 /* AccountBook.app */,
			);
			name = Products;
			sourceTree = "<group>";
		};
		936FDD041D41BDB9007E3489 /* Common */ = {
			isa = PBXGroup;
			children = (
				936FDD331D41C00A007E3489 /* ABTextViewController.h */,
				936FDD341D41C00A007E3489 /* ABTextViewController.m */,
			);
			path = Common;
			sourceTree = "<group>";
		};
		936FDD2F1D41BF4E007E3489 /* MTButtonEdgeInsets */ = {
			isa = PBXGroup;
			children = (
				936FDD301D41BF4E007E3489 /* UIButton+MTEdgeInsets.h */,
				936FDD311D41BF4E007E3489 /* UIButton+MTEdgeInsets.m */,
			);
			path = MTButtonEdgeInsets;
			sourceTree = "<group>";
		};
		936FDD361D41FB54007E3489 /* MediatorData */ = {
			isa = PBXGroup;
			children = (
				936FDD371D41FBA7007E3489 /* ABSyncProtocol.h */,
				936FDD381D41FC40007E3489 /* ABCenterDataManager.h */,
				936FDD391D41FC40007E3489 /* ABCenterDataManager.m */,
				936FDD421D421757007E3489 /* ABMergeDataCenter.h */,
				936FDD431D421757007E3489 /* ABMergeDataCenter.m */,
			);
			path = MediatorData;
			sourceTree = "<group>";
		};
		9372362E1D4109910068C30A /* AccountBook */ = {
			isa = PBXGroup;
			children = (
				937236951D4109910068C30A /* Main */,
				937236371D4109910068C30A /* Business */,
				937236631D4109910068C30A /* Data */,
				9372367D1D4109910068C30A /* Foundation */,
				937236981D4109910068C30A /* ThiryParty */,
				9372370A1D4109A90068C30A /* Supporting Files */,
			);
			path = AccountBook;
			sourceTree = "<group>";
		};
		937236371D4109910068C30A /* Business */ = {
			isa = PBXGroup;
			children = (
				937236381D4109910068C30A /* Base */,
				9372363D1D4109910068C30A /* Category */,
				937236461D4109910068C30A /* Charge */,
				9372365B1D4109910068C30A /* Setting */,
				936FDD041D41BDB9007E3489 /* Common */,
			);
			path = Business;
			sourceTree = "<group>";
		};
		937236381D4109910068C30A /* Base */ = {
			isa = PBXGroup;
			children = (
				9372363B1D4109910068C30A /* ABViewController.h */,
				9372363C1D4109910068C30A /* ABViewController.m */,
			);
			path = Base;
			sourceTree = "<group>";
		};
		9372363D1D4109910068C30A /* Category */ = {
			isa = PBXGroup;
			children = (
				937236441D4109910068C30A /* ABCategoryViewController.h */,
				937236451D4109910068C30A /* ABCategoryViewController.m */,
				9372363E1D4109910068C30A /* ABCategoryCell.h */,
				9372363F1D4109910068C30A /* ABCategoryCell.m */,
				937236401D4109910068C30A /* ABCategoryDataManger.h */,
				937236411D4109910068C30A /* ABCategoryDataManger.m */,
				937236421D4109910068C30A /* ABCategoryModel.h */,
				937236431D4109910068C30A /* ABCategoryModel.m */,
			);
			path = Category;
			sourceTree = "<group>";
		};
		937236461D4109910068C30A /* Charge */ = {
			isa = PBXGroup;
			children = (
				937236531D4109910068C30A /* ABChargeListViewController.h */,
				937236541D4109910068C30A /* ABChargeListViewController.m */,
				937236471D4109910068C30A /* ABChargeDataManger.h */,
				937236481D4109910068C30A /* ABChargeDataManger.m */,
				9372364F1D4109910068C30A /* ABChargeEditViewController.h */,
				937236501D4109910068C30A /* ABChargeEditViewController.m */,
				9372364B1D4109910068C30A /* ABChargeEditDataManager.h */,
				9372364C1D4109910068C30A /* ABChargeEditDataManager.m */,
				937236491D4109910068C30A /* ABChargeEditCell.h */,
				9372364A1D4109910068C30A /* ABChargeEditCell.m */,
				9372370B1D410A860068C30A /* ABChargeEditModel.h */,
				9372370C1D410A860068C30A /* ABChargeEditModel.m */,
				937236511D4109910068C30A /* ABChargeListCell.h */,
				937236521D4109910068C30A /* ABChargeListCell.m */,
				937236551D4109910068C30A /* ABChargeModel.h */,
				937236561D4109910068C30A /* ABChargeModel.m */,
				937236571D4109910068C30A /* ABDatePicker.h */,
				937236581D4109910068C30A /* ABDatePicker.m */,
				937236591D4109910068C30A /* ABStatisticsView.h */,
				9372365A1D4109910068C30A /* ABStatisticsView.m */,
			);
			path = Charge;
			sourceTree = "<group>";
		};
		9372365B1D4109910068C30A /* Setting */ = {
			isa = PBXGroup;
			children = (
				9372365C1D4109910068C30A /* ABSetDataManager.h */,
				9372365D1D4109910068C30A /* ABSetDataManager.m */,
				9372365E1D4109910068C30A /* ABSetViewController.h */,
				9372365F1D4109910068C30A /* ABSetViewController.m */,
			);
			path = Setting;
			sourceTree = "<group>";
		};
		937236631D4109910068C30A /* Data */ = {
			isa = PBXGroup;
			children = (
				936FDD361D41FB54007E3489 /* MediatorData */,
				9372366A1D4109910068C30A /* NativeData */,
				937236771D4109910068C30A /* ServiceData */,
			);
			path = Data;
			sourceTree = "<group>";
		};
		9372366A1D4109910068C30A /* NativeData */ = {
			isa = PBXGroup;
			children = (
				9372366B1D4109910068C30A /* CoreDataManager */,
				937236701D4109910068C30A /* Entity */,
				937236751D4109910068C30A /* Model.xcdatamodeld */,
			);
			path = NativeData;
			sourceTree = "<group>";
		};
		9372366B1D4109910068C30A /* CoreDataManager */ = {
			isa = PBXGroup;
			children = (
				936FDD3C1D420EEB007E3489 /* ABCategoryCoreDataManager.h */,
				936FDD3D1D420EEB007E3489 /* ABCategoryCoreDataManager.m */,
				936FDD3F1D420F07007E3489 /* ABChargeCoreDataManager.h */,
				936FDD401D420F07007E3489 /* ABChargeCoreDataManager.m */,
				9372366E1D4109910068C30A /* ABCoreDataHelper.h */,
				9372366F1D4109910068C30A /* ABCoreDataHelper.m */,
			);
			path = CoreDataManager;
			sourceTree = "<group>";
		};
		937236701D4109910068C30A /* Entity */ = {
			isa = PBXGroup;
			children = (
				937236711D4109910068C30A /* ABCategoryEntity.h */,
				937236721D4109910068C30A /* ABCategoryEntity.m */,
				937236731D4109910068C30A /* ABChargeEntity.h */,
				937236741D4109910068C30A /* ABChargeEntity.m */,
			);
			path = Entity;
			sourceTree = "<group>";
		};
		937236771D4109910068C30A /* ServiceData */ = {
			isa = PBXGroup;
			children = (
				937236781D4109910068C30A /* ABCloudKit.h */,
				937236791D4109910068C30A /* ABCloudKit.m */,
			);
			path = ServiceData;
			sourceTree = "<group>";
		};
		9372367D1D4109910068C30A /* Foundation */ = {
			isa = PBXGroup;
			children = (
				9372367E1D4109910068C30A /* ABFoundation */,
				9372368A1D4109910068C30A /* MTFoundation */,
			);
			path = Foundation;
			sourceTree = "<group>";
		};
		9372367E1D4109910068C30A /* ABFoundation */ = {
			isa = PBXGroup;
			children = (
				9372367F1D4109910068C30A /* Category */,
				937236841D4109910068C30A /* Core */,
			);
			path = ABFoundation;
			sourceTree = "<group>";
		};
		9372367F1D4109910068C30A /* Category */ = {
			isa = PBXGroup;
			children = (
				937236821D4109910068C30A /* UIColor+Category.h */,
				937236831D4109910068C30A /* UIColor+Category.m */,
				937237101D410B640068C30A /* NSString+Category.h */,
				937237111D410B640068C30A /* NSString+Category.m */,
			);
			path = Category;
			sourceTree = "<group>";
		};
		937236841D4109910068C30A /* Core */ = {
			isa = PBXGroup;
			children = (
				937236851D4109910068C30A /* ABDefine.h */,
				937236881D4109910068C30A /* ABUtils.h */,
				937236891D4109910068C30A /* ABUtils.m */,
			);
			path = Core;
			sourceTree = "<group>";
		};
		9372368A1D4109910068C30A /* MTFoundation */ = {
			isa = PBXGroup;
			children = (
				936FDD2F1D41BF4E007E3489 /* MTButtonEdgeInsets */,
				9372368B1D4109910068C30A /* MTAutoLayout */,
				9372368E1D4109910068C30A /* MTMultiTargetCallBack */,
				937236911D4109910068C30A /* MTProgressHUD */,
			);
			path = MTFoundation;
			sourceTree = "<group>";
		};
		9372368B1D4109910068C30A /* MTAutoLayout */ = {
			isa = PBXGroup;
			children = (
				9372368C1D4109910068C30A /* UIView+MTAutoLayout.h */,
				9372368D1D4109910068C30A /* UIView+MTAutoLayout.m */,
			);
			path = MTAutoLayout;
			sourceTree = "<group>";
		};
		9372368E1D4109910068C30A /* MTMultiTargetCallBack */ = {
			isa = PBXGroup;
			children = (
				9372368F1D4109910068C30A /* MTMultiTargetCallBack.h */,
				937236901D4109910068C30A /* MTMultiTargetCallBack.m */,
			);
			path = MTMultiTargetCallBack;
			sourceTree = "<group>";
		};
		937236911D4109910068C30A /* MTProgressHUD */ = {
			isa = PBXGroup;
			children = (
				937236921D4109910068C30A /* MTProgressHUD.h */,
				937236931D4109910068C30A /* MTProgressHUD.m */,
			);
			path = MTProgressHUD;
			sourceTree = "<group>";
		};
		937236951D4109910068C30A /* Main */ = {
			isa = PBXGroup;
			children = (
				937236961D4109910068C30A /* ABAppDelegate.h */,
				937236971D4109910068C30A /* ABAppDelegate.m */,
			);
			path = Main;
			sourceTree = "<group>";
		};
		937236981D4109910068C30A /* ThiryParty */ = {
			isa = PBXGroup;
			children = (
				937236991D4109910068C30A /* DMPasscode */,
				937236A91D4109910068C30A /* MJExtension */,
				937236C11D4109910068C30A /* UMengAnalytics */,
			);
			path = ThiryParty;
			sourceTree = "<group>";
		};
		937236991D4109910068C30A /* DMPasscode */ = {
			isa = PBXGroup;
			children = (
				9372369A1D4109910068C30A /* ABPasscodeHelper.h */,
				9372369B1D4109910068C30A /* ABPasscodeHelper.m */,
				9372369C1D4109910068C30A /* DMPasscode */,
			);
			path = DMPasscode;
			sourceTree = "<group>";
		};
		9372369C1D4109910068C30A /* DMPasscode */ = {
			isa = PBXGroup;
			children = (
				9372369D1D4109910068C30A /* DMKeychain.h */,
				9372369E1D4109910068C30A /* DMKeychain.m */,
				9372369F1D4109910068C30A /* DMPasscode.h */,
				937236A01D4109910068C30A /* DMPasscode.m */,
				937236A11D4109910068C30A /* DMPasscodeConfig.h */,
				937236A21D4109910068C30A /* DMPasscodeConfig.m */,
				937236A31D4109910068C30A /* DMPasscodeInternalField.h */,
				937236A41D4109910068C30A /* DMPasscodeInternalField.m */,
				937236A51D4109910068C30A /* DMPasscodeInternalNavigationController.h */,
				937236A61D4109910068C30A /* DMPasscodeInternalNavigationController.m */,
				937236A71D4109910068C30A /* DMPasscodeInternalViewController.h */,
				937236A81D4109910068C30A /* DMPasscodeInternalViewController.m */,
			);
			path = DMPasscode;
			sourceTree = "<group>";
		};
		937236A91D4109910068C30A /* MJExtension */ = {
			isa = PBXGroup;
			children = (
				937236AA1D4109910068C30A /* MJDictionaryCache.h */,
				937236AB1D4109910068C30A /* MJDictionaryCache.m */,
				937236AC1D4109910068C30A /* MJExtension.h */,
				937236AD1D4109910068C30A /* MJExtensionConst.h */,
				937236AE1D4109910068C30A /* MJExtensionConst.m */,
				937236AF1D4109910068C30A /* MJFoundation.h */,
				937236B01D4109910068C30A /* MJFoundation.m */,
				937236B11D4109910068C30A /* MJProperty.h */,
				937236B21D4109910068C30A /* MJProperty.m */,
				937236B31D4109910068C30A /* MJPropertyKey.h */,
				937236B41D4109910068C30A /* MJPropertyKey.m */,
				937236B51D4109910068C30A /* MJPropertyType.h */,
				937236B61D4109910068C30A /* MJPropertyType.m */,
				937236B71D4109910068C30A /* NSObject+MJClass.h */,
				937236B81D4109910068C30A /* NSObject+MJClass.m */,
				937236B91D4109910068C30A /* NSObject+MJCoding.h */,
				937236BA1D4109910068C30A /* NSObject+MJCoding.m */,
				937236BB1D4109910068C30A /* NSObject+MJKeyValue.h */,
				937236BC1D4109910068C30A /* NSObject+MJKeyValue.m */,
				937236BD1D4109910068C30A /* NSObject+MJProperty.h */,
				937236BE1D4109910068C30A /* NSObject+MJProperty.m */,
				937236BF1D4109910068C30A /* NSString+MJExtension.h */,
				937236C01D4109910068C30A /* NSString+MJExtension.m */,
			);
			path = MJExtension;
			sourceTree = "<group>";
		};
		937236C11D4109910068C30A /* UMengAnalytics */ = {
			isa = PBXGroup;
			children = (
				937236C21D4109910068C30A /* ABUMengHelper.h */,
				937236C31D4109910068C30A /* ABUMengHelper.m */,
				937236C41D4109910068C30A /* UMAnalytics_Sdk_3.6.6 */,
			);
			path = UMengAnalytics;
			sourceTree = "<group>";
		};
		937236C41D4109910068C30A /* UMAnalytics_Sdk_3.6.6 */ = {
			isa = PBXGroup;
			children = (
				937236C51D4109910068C30A /* libMobClickLibrary.a */,
				937236C61D4109910068C30A /* MobClick.h */,
				937236C71D4109910068C30A /* MobClickSocialAnalytics.h */,
			);
			path = UMAnalytics_Sdk_3.6.6;
			sourceTree = "<group>";
		};
		9372370A1D4109A90068C30A /* Supporting Files */ = {
			isa = PBXGroup;
			children = (
				937237151D410C7D0068C30A /* Info.plist */,
				937236331D4109910068C30A /* InfoPlist.strings */,
				937236351D4109910068C30A /* Localizable.strings */,
				9372370E1D410AF20068C30A /* main.m */,
				9372362F1D4109910068C30A /* ABPrefixHeader.pch */,
				937236301D4109910068C30A /* AccountBook.entitlements */,
				937236941D4109910068C30A /* Images.xcassets */,
				93562DB01D45E7FE00E6B27A /* LaunchScreen.storyboard */,
			);
			name = "Supporting Files";
			path = ..;
			sourceTree = "<group>";
		};
/* End PBXGroup section */

/* Begin PBXNativeTarget section */
		93679C411BA3D811002B2401 /* AccountBook */ = {
			isa = PBXNativeTarget;
			buildConfigurationList = 93679C651BA3D811002B2401 /* Build configuration list for PBXNativeTarget "AccountBook" */;
			buildPhases = (
				93679C3E1BA3D811002B2401 /* Sources */,
				93679C3F1BA3D811002B2401 /* Frameworks */,
				93679C401BA3D811002B2401 /* Resources */,
			);
			buildRules = (
			);
			dependencies = (
			);
			name = AccountBook;
			productName = AccountBook;
			productReference = 93679C421BA3D811002B2401 /* AccountBook.app */;
			productType = "com.apple.product-type.application";
		};
/* End PBXNativeTarget section */

/* Begin PBXProject section */
		93679C3A1BA3D810002B2401 /* Project object */ = {
			isa = PBXProject;
			attributes = {
				LastUpgradeCheck = 0730;
				ORGANIZATIONNAME = mtry;
				TargetAttributes = {
					93679C411BA3D811002B2401 = {
						CreatedOnToolsVersion = 6.4;
						DevelopmentTeam = ZV5SVKKPDA;
						SystemCapabilities = {
							com.apple.iCloud = {
								enabled = 1;
							};
						};
					};
				};
			};
			buildConfigurationList = 93679C3D1BA3D810002B2401 /* Build configuration list for PBXProject "AccountBook" */;
			compatibilityVersion = "Xcode 3.2";
			developmentRegion = English;
			hasScannedForEncodings = 0;
			knownRegions = (
				Base,
				"zh-Hans",
				en,
			);
			mainGroup = 93679C391BA3D810002B2401;
			productRefGroup = 93679C431BA3D811002B2401 /* Products */;
			projectDirPath = "";
			projectRoot = "";
			targets = (
				93679C411BA3D811002B2401 /* AccountBook */,
			);
		};
/* End PBXProject section */

/* Begin PBXResourcesBuildPhase section */
		93679C401BA3D811002B2401 /* Resources */ = {
			isa = PBXResourcesBuildPhase;
			buildActionMask = 2147483647;
			files = (
				937236F41D4109910068C30A /* Images.xcassets in Resources */,
				937236D21D4109910068C30A /* Localizable.strings in Resources */,
				937236D11D4109910068C30A /* InfoPlist.strings in Resources */,
				93562DB11D45E7FE00E6B27A /* LaunchScreen.storyboard in Resources */,
				937236CF1D4109910068C30A /* AccountBook.entitlements in Resources */,
			);
			runOnlyForDeploymentPostprocessing = 0;
		};
/* End PBXResourcesBuildPhase section */

/* Begin PBXSourcesBuildPhase section */
		93679C3E1BA3D811002B2401 /* Sources */ = {
			isa = PBXSourcesBuildPhase;
			buildActionMask = 2147483647;
			files = (
				937236F71D4109910068C30A /* DMKeychain.m in Sources */,
				937236DA1D4109910068C30A /* ABChargeEditCell.m in Sources */,
				937236E81D4109910068C30A /* ABCoreDataHelper.m in Sources */,
				937236FA1D4109910068C30A /* DMPasscodeInternalField.m in Sources */,
				937236DB1D4109910068C30A /* ABChargeEditDataManager.m in Sources */,
				937236D51D4109910068C30A /* ABCategoryCell.m in Sources */,
				937236DF1D4109910068C30A /* ABChargeListViewController.m in Sources */,
				937237011D4109910068C30A /* MJPropertyKey.m in Sources */,
				937237121D410B640068C30A /* NSString+Category.m in Sources */,
				937236E31D4109910068C30A /* ABSetDataManager.m in Sources */,
				937237021D4109910068C30A /* MJPropertyType.m in Sources */,
				937236D71D4109910068C30A /* ABCategoryModel.m in Sources */,
				937236F51D4109910068C30A /* ABAppDelegate.m in Sources */,
				937237061D4109910068C30A /* NSObject+MJProperty.m in Sources */,
				937236F11D4109910068C30A /* UIView+MTAutoLayout.m in Sources */,
				9372370F1D410AF20068C30A /* main.m in Sources */,
				936FDD3A1D41FC40007E3489 /* ABCenterDataManager.m in Sources */,
				937237001D4109910068C30A /* MJProperty.m in Sources */,
				937236E21D4109910068C30A /* ABStatisticsView.m in Sources */,
				937236E01D4109910068C30A /* ABChargeModel.m in Sources */,
				937236D61D4109910068C30A /* ABCategoryDataManger.m in Sources */,
				937236E11D4109910068C30A /* ABDatePicker.m in Sources */,
				937236D41D4109910068C30A /* ABViewController.m in Sources */,
				937236EA1D4109910068C30A /* ABChargeEntity.m in Sources */,
				937236F61D4109910068C30A /* ABPasscodeHelper.m in Sources */,
				937236EE1D4109910068C30A /* UIColor+Category.m in Sources */,
				937236F21D4109910068C30A /* MTMultiTargetCallBack.m in Sources */,
				937236FF1D4109910068C30A /* MJFoundation.m in Sources */,
				937236FD1D4109910068C30A /* MJDictionaryCache.m in Sources */,
				936FDD351D41C00A007E3489 /* ABTextViewController.m in Sources */,
				937237041D4109910068C30A /* NSObject+MJCoding.m in Sources */,
				936FDD411D420F07007E3489 /* ABChargeCoreDataManager.m in Sources */,
				937236E41D4109910068C30A /* ABSetViewController.m in Sources */,
				937237071D4109910068C30A /* NSString+MJExtension.m in Sources */,
				937236D91D4109910068C30A /* ABChargeDataManger.m in Sources */,
				936FDD3E1D420EEB007E3489 /* ABCategoryCoreDataManager.m in Sources */,
				937236D81D4109910068C30A /* ABCategoryViewController.m in Sources */,
				937237081D4109910068C30A /* ABUMengHelper.m in Sources */,
				937236F91D4109910068C30A /* DMPasscodeConfig.m in Sources */,
				937236DD1D4109910068C30A /* ABChargeEditViewController.m in Sources */,
				937236FE1D4109910068C30A /* MJExtensionConst.m in Sources */,
				936FDD441D421757007E3489 /* ABMergeDataCenter.m in Sources */,
				937237051D4109910068C30A /* NSObject+MJKeyValue.m in Sources */,
				937236FB1D4109910068C30A /* DMPasscodeInternalNavigationController.m in Sources */,
				937236EC1D4109910068C30A /* ABCloudKit.m in Sources */,
				937236DE1D4109910068C30A /* ABChargeListCell.m in Sources */,
				937236EB1D4109910068C30A /* Model.xcdatamodeld in Sources */,
				937236FC1D4109910068C30A /* DMPasscodeInternalViewController.m in Sources */,
				937236F31D4109910068C30A /* MTProgressHUD.m in Sources */,
				937236F01D4109910068C30A /* ABUtils.m in Sources */,
				936FDD321D41BF4E007E3489 /* UIButton+MTEdgeInsets.m in Sources */,
				937237031D4109910068C30A /* NSObject+MJClass.m in Sources */,
				937236E91D4109910068C30A /* ABCategoryEntity.m in Sources */,
				9372370D1D410A860068C30A /* ABChargeEditModel.m in Sources */,
				937236F81D4109910068C30A /* DMPasscode.m in Sources */,
			);
			runOnlyForDeploymentPostprocessing = 0;
		};
/* End PBXSourcesBuildPhase section */

/* Begin PBXVariantGroup section */
		937236331D4109910068C30A /* InfoPlist.strings */ = {
			isa = PBXVariantGroup;
			children = (
				937236341D4109910068C30A /* Base */,
				9372367B1D4109910068C30A /* en */,
				937236CD1D4109910068C30A /* zh-Hans */,
			);
			name = InfoPlist.strings;
			path = AccountBook;
			sourceTree = "<group>";
		};
		937236351D4109910068C30A /* Localizable.strings */ = {
			isa = PBXVariantGroup;
			children = (
				937236361D4109910068C30A /* Base */,
				9372367C1D4109910068C30A /* en */,
				937236CE1D4109910068C30A /* zh-Hans */,
			);
			name = Localizable.strings;
			path = AccountBook;
			sourceTree = "<group>";
		};
/* End PBXVariantGroup section */

/* Begin XCBuildConfiguration section */
		93679C631BA3D811002B2401 /* Debug */ = {
			isa = XCBuildConfiguration;
			buildSettings = {
				ALWAYS_SEARCH_USER_PATHS = NO;
				CLANG_CXX_LANGUAGE_STANDARD = "gnu++0x";
				CLANG_CXX_LIBRARY = "libc++";
				CLANG_ENABLE_MODULES = YES;
				CLANG_ENABLE_OBJC_ARC = YES;
				CLANG_WARN_BOOL_CONVERSION = YES;
				CLANG_WARN_CONSTANT_CONVERSION = YES;
				CLANG_WARN_DIRECT_OBJC_ISA_USAGE = YES_ERROR;
				CLANG_WARN_EMPTY_BODY = YES;
				CLANG_WARN_ENUM_CONVERSION = YES;
				CLANG_WARN_INT_CONVERSION = YES;
				CLANG_WARN_OBJC_ROOT_CLASS = YES_ERROR;
				CLANG_WARN_UNREACHABLE_CODE = YES;
				CLANG_WARN__DUPLICATE_METHOD_MATCH = YES;
				"CODE_SIGN_IDENTITY[sdk=iphoneos*]" = "iPhone Developer";
				COPY_PHASE_STRIP = NO;
				DEBUG_INFORMATION_FORMAT = "dwarf-with-dsym";
				ENABLE_STRICT_OBJC_MSGSEND = YES;
				ENABLE_TESTABILITY = YES;
				GCC_C_LANGUAGE_STANDARD = gnu99;
				GCC_DYNAMIC_NO_PIC = NO;
				GCC_NO_COMMON_BLOCKS = YES;
				GCC_OPTIMIZATION_LEVEL = 0;
				GCC_PREPROCESSOR_DEFINITIONS = (
					"DEBUG=1",
					"$(inherited)",
				);
				GCC_SYMBOLS_PRIVATE_EXTERN = NO;
				GCC_WARN_64_TO_32_BIT_CONVERSION = YES;
				GCC_WARN_ABOUT_RETURN_TYPE = YES_ERROR;
				GCC_WARN_UNDECLARED_SELECTOR = YES;
				GCC_WARN_UNINITIALIZED_AUTOS = YES_AGGRESSIVE;
				GCC_WARN_UNUSED_FUNCTION = YES;
				GCC_WARN_UNUSED_VARIABLE = YES;
				IPHONEOS_DEPLOYMENT_TARGET = 8.4;
				MTL_ENABLE_DEBUG_INFO = YES;
				ONLY_ACTIVE_ARCH = YES;
				SDKROOT = iphoneos;
				TARGETED_DEVICE_FAMILY = "1,2";
			};
			name = Debug;
		};
		93679C641BA3D811002B2401 /* Release */ = {
			isa = XCBuildConfiguration;
			buildSettings = {
				ALWAYS_SEARCH_USER_PATHS = NO;
				CLANG_CXX_LANGUAGE_STANDARD = "gnu++0x";
				CLANG_CXX_LIBRARY = "libc++";
				CLANG_ENABLE_MODULES = YES;
				CLANG_ENABLE_OBJC_ARC = YES;
				CLANG_WARN_BOOL_CONVERSION = YES;
				CLANG_WARN_CONSTANT_CONVERSION = YES;
				CLANG_WARN_DIRECT_OBJC_ISA_USAGE = YES_ERROR;
				CLANG_WARN_EMPTY_BODY = YES;
				CLANG_WARN_ENUM_CONVERSION = YES;
				CLANG_WARN_INT_CONVERSION = YES;
				CLANG_WARN_OBJC_ROOT_CLASS = YES_ERROR;
				CLANG_WARN_UNREACHABLE_CODE = YES;
				CLANG_WARN__DUPLICATE_METHOD_MATCH = YES;
				"CODE_SIGN_IDENTITY[sdk=iphoneos*]" = "iPhone Developer";
				COPY_PHASE_STRIP = NO;
				DEBUG_INFORMATION_FORMAT = "dwarf-with-dsym";
				ENABLE_NS_ASSERTIONS = NO;
				ENABLE_STRICT_OBJC_MSGSEND = YES;
				GCC_C_LANGUAGE_STANDARD = gnu99;
				GCC_NO_COMMON_BLOCKS = YES;
				GCC_WARN_64_TO_32_BIT_CONVERSION = YES;
				GCC_WARN_ABOUT_RETURN_TYPE = YES_ERROR;
				GCC_WARN_UNDECLARED_SELECTOR = YES;
				GCC_WARN_UNINITIALIZED_AUTOS = YES_AGGRESSIVE;
				GCC_WARN_UNUSED_FUNCTION = YES;
				GCC_WARN_UNUSED_VARIABLE = YES;
				IPHONEOS_DEPLOYMENT_TARGET = 8.4;
				MTL_ENABLE_DEBUG_INFO = NO;
				SDKROOT = iphoneos;
				TARGETED_DEVICE_FAMILY = "1,2";
				VALIDATE_PRODUCT = YES;
			};
			name = Release;
		};
		93679C661BA3D811002B2401 /* Debug */ = {
			isa = XCBuildConfiguration;
			buildSettings = {
				ASSETCATALOG_COMPILER_APPICON_NAME = AppIcon;
				CODE_SIGN_ENTITLEMENTS = AccountBook/AccountBook.entitlements;
				CODE_SIGN_IDENTITY = "iPhone Developer: rongqing zhou (47237LH7N7)";
				"CODE_SIGN_IDENTITY[sdk=iphoneos*]" = "iPhone Developer: rongqing zhou (47237LH7N7)";
				GCC_PRECOMPILE_PREFIX_HEADER = YES;
				GCC_PREFIX_HEADER = "$(SRCROOT)/AccountBook/ABPrefixHeader.pch";
				INFOPLIST_FILE = AccountBook/Info.plist;
				IPHONEOS_DEPLOYMENT_TARGET = 8.0;
				LD_RUNPATH_SEARCH_PATHS = "$(inherited) @executable_path/Frameworks";
				LIBRARY_SEARCH_PATHS = (
					"$(inherited)",
					"$(PROJECT_DIR)/AccountBook/ThiryParty/UMengAnalytics/UMAnalytics_Sdk_3.6.6",
				);
				OTHER_LDFLAGS = "$(inherited)";
				PRODUCT_BUNDLE_IDENTIFIER = com.mtry.AccountBooks;
				PRODUCT_NAME = "$(TARGET_NAME)";
				PROVISIONING_PROFILE = "48339cf2-fd97-4885-aa24-b00ecf900e6b";
				TARGETED_DEVICE_FAMILY = "1,2";
				USER_BUNDLE_IDENTIFIER = com.mtry.AccountBooks;
			};
			name = Debug;
		};
		93679C671BA3D811002B2401 /* Release */ = {
			isa = XCBuildConfiguration;
			buildSettings = {
				ASSETCATALOG_COMPILER_APPICON_NAME = AppIcon;
				CODE_SIGN_ENTITLEMENTS = AccountBook/AccountBook.entitlements;
				CODE_SIGN_IDENTITY = "iPhone Distribution: rongqing zhou (ZV5SVKKPDA)";
				"CODE_SIGN_IDENTITY[sdk=iphoneos*]" = "iPhone Distribution: rongqing zhou (ZV5SVKKPDA)";
				GCC_PRECOMPILE_PREFIX_HEADER = YES;
				GCC_PREFIX_HEADER = "$(SRCROOT)/AccountBook/ABPrefixHeader.pch";
				INFOPLIST_FILE = AccountBook/Info.plist;
				IPHONEOS_DEPLOYMENT_TARGET = 8.0;
				LD_RUNPATH_SEARCH_PATHS = "$(inherited) @executable_path/Frameworks";
				LIBRARY_SEARCH_PATHS = (
					"$(inherited)",
					"$(PROJECT_DIR)/AccountBook/ThiryParty/UMengAnalytics/UMAnalytics_Sdk_3.6.6",
				);
				OTHER_LDFLAGS = "$(inherited)";
				PRODUCT_BUNDLE_IDENTIFIER = com.mtry.AccountBooks;
				PRODUCT_NAME = "$(TARGET_NAME)";
				PROVISIONING_PROFILE = "41c81ca9-d8d7-4a0f-a9b5-af5eee6550e5";
				TARGETED_DEVICE_FAMILY = "1,2";
				USER_BUNDLE_IDENTIFIER = com.mtry.AccountBooks;
			};
			name = Release;
		};
/* End XCBuildConfiguration section */

/* Begin XCConfigurationList section */
		93679C3D1BA3D810002B2401 /* Build configuration list for PBXProject "AccountBook" */ = {
			isa = XCConfigurationList;
			buildConfigurations = (
				93679C631BA3D811002B2401 /* Debug */,
				93679C641BA3D811002B2401 /* Release */,
			);
			defaultConfigurationIsVisible = 0;
			defaultConfigurationName = Release;
		};
		93679C651BA3D811002B2401 /* Build configuration list for PBXNativeTarget "AccountBook" */ = {
			isa = XCConfigurationList;
			buildConfigurations = (
				93679C661BA3D811002B2401 /* Debug */,
				93679C671BA3D811002B2401 /* Release */,
			);
			defaultConfigurationIsVisible = 0;
			defaultConfigurationName = Release;
		};
/* End XCConfigurationList section */

/* Begin XCVersionGroup section */
		937236751D4109910068C30A /* Model.xcdatamodeld */ = {
			isa = XCVersionGroup;
			children = (
				937236761D4109910068C30A /* Model.xcdatamodel */,
			);
			currentVersion = 937236761D4109910068C30A /* Model.xcdatamodel */;
			path = Model.xcdatamodeld;
			sourceTree = "<group>";
			versionGroupType = wrapper.xcdatamodel;
		};
/* End XCVersionGroup section */
	};
	rootObject = 93679C3A1BA3D810002B2401 /* Project object */;
}
