// !$*UTF8*$!
{
	archiveVersion = 1;
	classes = {
	};
	objectVersion = 46;
	objects = {

/* Begin PBXBuildFile section */
		93679C481BA3D811002B2401 /* main.m in Sources */ = {isa = PBXBuildFile; fileRef = 93679C471BA3D811002B2401 /* main.m */; };
		93679C511BA3D811002B2401 /* Main.storyboard in Resources */ = {isa = PBXBuildFile; fileRef = 93679C4F1BA3D811002B2401 /* Main.storyboard */; };
		93679C531BA3D811002B2401 /* Images.xcassets in Resources */ = {isa = PBXBuildFile; fileRef = 93679C521BA3D811002B2401 /* Images.xcassets */; };
		93679C561BA3D811002B2401 /* LaunchScreen.xib in Resources */ = {isa = PBXBuildFile; fileRef = 93679C541BA3D811002B2401 /* LaunchScreen.xib */; };
		93679C621BA3D811002B2401 /* AccountBookTests.m in Sources */ = {isa = PBXBuildFile; fileRef = 93679C611BA3D811002B2401 /* AccountBookTests.m */; };
		93679C771BA44034002B2401 /* UIColor+Category.m in Sources */ = {isa = PBXBuildFile; fileRef = 93679C6D1BA44034002B2401 /* UIColor+Category.m */; };
		93679C781BA44034002B2401 /* UIImage+Category.m in Sources */ = {isa = PBXBuildFile; fileRef = 93679C6F1BA44034002B2401 /* UIImage+Category.m */; };
		93679C791BA44034002B2401 /* UIViewController+Category.m in Sources */ = {isa = PBXBuildFile; fileRef = 93679C711BA44034002B2401 /* UIViewController+Category.m */; };
		93679C7F1BA4409B002B2401 /* ABAppDelegate.m in Sources */ = {isa = PBXBuildFile; fileRef = 93679C7E1BA4409B002B2401 /* ABAppDelegate.m */; };
		93679C861BA44288002B2401 /* ABViewController.m in Sources */ = {isa = PBXBuildFile; fileRef = 93679C851BA44288002B2401 /* ABViewController.m */; };
		93679C891BA442A5002B2401 /* ABMainViewController.m in Sources */ = {isa = PBXBuildFile; fileRef = 93679C881BA442A5002B2401 /* ABMainViewController.m */; };
		93679C8D1BA443F6002B2401 /* ABNavigationController.m in Sources */ = {isa = PBXBuildFile; fileRef = 93679C8C1BA443F6002B2401 /* ABNavigationController.m */; };
		93679C941BA46420002B2401 /* ABSetViewController.m in Sources */ = {isa = PBXBuildFile; fileRef = 93679C931BA46420002B2401 /* ABSetViewController.m */; };
/* End PBXBuildFile section */

/* Begin PBXContainerItemProxy section */
		93679C5C1BA3D811002B2401 /* PBXContainerItemProxy */ = {
			isa = PBXContainerItemProxy;
			containerPortal = 93679C3A1BA3D810002B2401 /* Project object */;
			proxyType = 1;
			remoteGlobalIDString = 93679C411BA3D811002B2401;
			remoteInfo = AccountBook;
		};
/* End PBXContainerItemProxy section */

/* Begin PBXFileReference section */
		93679C421BA3D811002B2401 /* AccountBook.app */ = {isa = PBXFileReference; explicitFileType = wrapper.application; includeInIndex = 0; path = AccountBook.app; sourceTree = BUILT_PRODUCTS_DIR; };
		93679C461BA3D811002B2401 /* Info.plist */ = {isa = PBXFileReference; lastKnownFileType = text.plist.xml; path = Info.plist; sourceTree = "<group>"; };
		93679C471BA3D811002B2401 /* main.m */ = {isa = PBXFileReference; lastKnownFileType = sourcecode.c.objc; path = main.m; sourceTree = "<group>"; };
		93679C501BA3D811002B2401 /* Base */ = {isa = PBXFileReference; lastKnownFileType = file.storyboard; name = Base; path = Base.lproj/Main.storyboard; sourceTree = "<group>"; };
		93679C521BA3D811002B2401 /* Images.xcassets */ = {isa = PBXFileReference; lastKnownFileType = folder.assetcatalog; name = Images.xcassets; path = AccountBook/Images.xcassets; sourceTree = "<group>"; };
		93679C551BA3D811002B2401 /* Base */ = {isa = PBXFileReference; lastKnownFileType = file.xib; name = Base; path = Base.lproj/LaunchScreen.xib; sourceTree = "<group>"; };
		93679C5B1BA3D811002B2401 /* AccountBookTests.xctest */ = {isa = PBXFileReference; explicitFileType = wrapper.cfbundle; includeInIndex = 0; path = AccountBookTests.xctest; sourceTree = BUILT_PRODUCTS_DIR; };
		93679C601BA3D811002B2401 /* Info.plist */ = {isa = PBXFileReference; lastKnownFileType = text.plist.xml; path = Info.plist; sourceTree = "<group>"; };
		93679C611BA3D811002B2401 /* AccountBookTests.m */ = {isa = PBXFileReference; lastKnownFileType = sourcecode.c.objc; path = AccountBookTests.m; sourceTree = "<group>"; };
		93679C6C1BA44034002B2401 /* UIColor+Category.h */ = {isa = PBXFileReference; fileEncoding = 4; lastKnownFileType = sourcecode.c.h; path = "UIColor+Category.h"; sourceTree = "<group>"; };
		93679C6D1BA44034002B2401 /* UIColor+Category.m */ = {isa = PBXFileReference; fileEncoding = 4; lastKnownFileType = sourcecode.c.objc; path = "UIColor+Category.m"; sourceTree = "<group>"; };
		93679C6E1BA44034002B2401 /* UIImage+Category.h */ = {isa = PBXFileReference; fileEncoding = 4; lastKnownFileType = sourcecode.c.h; path = "UIImage+Category.h"; sourceTree = "<group>"; };
		93679C6F1BA44034002B2401 /* UIImage+Category.m */ = {isa = PBXFileReference; fileEncoding = 4; lastKnownFileType = sourcecode.c.objc; path = "UIImage+Category.m"; sourceTree = "<group>"; };
		93679C701BA44034002B2401 /* UIViewController+Category.h */ = {isa = PBXFileReference; fileEncoding = 4; lastKnownFileType = sourcecode.c.h; path = "UIViewController+Category.h"; sourceTree = "<group>"; };
		93679C711BA44034002B2401 /* UIViewController+Category.m */ = {isa = PBXFileReference; fileEncoding = 4; lastKnownFileType = sourcecode.c.objc; path = "UIViewController+Category.m"; sourceTree = "<group>"; };
		93679C7D1BA4409B002B2401 /* ABAppDelegate.h */ = {isa = PBXFileReference; fileEncoding = 4; lastKnownFileType = sourcecode.c.h; path = ABAppDelegate.h; sourceTree = "<group>"; };
		93679C7E1BA4409B002B2401 /* ABAppDelegate.m */ = {isa = PBXFileReference; fileEncoding = 4; lastKnownFileType = sourcecode.c.objc; path = ABAppDelegate.m; sourceTree = "<group>"; };
		93679C831BA4417D002B2401 /* ABDefine.h */ = {isa = PBXFileReference; lastKnownFileType = sourcecode.c.h; path = ABDefine.h; sourceTree = "<group>"; };
		93679C841BA44288002B2401 /* ABViewController.h */ = {isa = PBXFileReference; fileEncoding = 4; lastKnownFileType = sourcecode.c.h; path = ABViewController.h; sourceTree = "<group>"; };
		93679C851BA44288002B2401 /* ABViewController.m */ = {isa = PBXFileReference; fileEncoding = 4; lastKnownFileType = sourcecode.c.objc; path = ABViewController.m; sourceTree = "<group>"; };
		93679C871BA442A5002B2401 /* ABMainViewController.h */ = {isa = PBXFileReference; fileEncoding = 4; lastKnownFileType = sourcecode.c.h; path = ABMainViewController.h; sourceTree = "<group>"; };
		93679C881BA442A5002B2401 /* ABMainViewController.m */ = {isa = PBXFileReference; fileEncoding = 4; lastKnownFileType = sourcecode.c.objc; path = ABMainViewController.m; sourceTree = "<group>"; };
		93679C8B1BA443F6002B2401 /* ABNavigationController.h */ = {isa = PBXFileReference; fileEncoding = 4; lastKnownFileType = sourcecode.c.h; path = ABNavigationController.h; sourceTree = "<group>"; };
		93679C8C1BA443F6002B2401 /* ABNavigationController.m */ = {isa = PBXFileReference; fileEncoding = 4; lastKnownFileType = sourcecode.c.objc; path = ABNavigationController.m; sourceTree = "<group>"; };
		93679C8E1BA44594002B2401 /* ABPrefixHeader.pch */ = {isa = PBXFileReference; fileEncoding = 4; lastKnownFileType = sourcecode.c.h; path = ABPrefixHeader.pch; sourceTree = "<group>"; };
		93679C921BA46420002B2401 /* ABSetViewController.h */ = {isa = PBXFileReference; fileEncoding = 4; lastKnownFileType = sourcecode.c.h; path = ABSetViewController.h; sourceTree = "<group>"; };
		93679C931BA46420002B2401 /* ABSetViewController.m */ = {isa = PBXFileReference; fileEncoding = 4; lastKnownFileType = sourcecode.c.objc; path = ABSetViewController.m; sourceTree = "<group>"; };
/* End PBXFileReference section */

/* Begin PBXFrameworksBuildPhase section */
		93679C3F1BA3D811002B2401 /* Frameworks */ = {
			isa = PBXFrameworksBuildPhase;
			buildActionMask = 2147483647;
			files = (
			);
			runOnlyForDeploymentPostprocessing = 0;
		};
		93679C581BA3D811002B2401 /* Frameworks */ = {
			isa = PBXFrameworksBuildPhase;
			buildActionMask = 2147483647;
			files = (
			);
			runOnlyForDeploymentPostprocessing = 0;
		};
/* End PBXFrameworksBuildPhase section */

/* Begin PBXGroup section */
		93679C391BA3D810002B2401 = {
			isa = PBXGroup;
			children = (
				93679C441BA3D811002B2401 /* AccountBook */,
				93679C521BA3D811002B2401 /* Images.xcassets */,
				93679C5E1BA3D811002B2401 /* AccountBookTests */,
				93679C431BA3D811002B2401 /* Products */,
			);
			sourceTree = "<group>";
		};
		93679C431BA3D811002B2401 /* Products */ = {
			isa = PBXGroup;
			children = (
				93679C421BA3D811002B2401 /* AccountBook.app */,
				93679C5B1BA3D811002B2401 /* AccountBookTests.xctest */,
			);
			name = Products;
			sourceTree = "<group>";
		};
		93679C441BA3D811002B2401 /* AccountBook */ = {
			isa = PBXGroup;
			children = (
				93679C731BA44034002B2401 /* Main */,
				93679C761BA44034002B2401 /* ViewContrller */,
				93679C751BA44034002B2401 /* View */,
				93679C721BA44034002B2401 /* Cell */,
				93679C741BA44034002B2401 /* Utils */,
				93679C6B1BA44034002B2401 /* Category */,
				93679C801BA440C4002B2401 /* Data */,
				93679C451BA3D811002B2401 /* Supporting Files */,
			);
			path = AccountBook;
			sourceTree = "<group>";
		};
		93679C451BA3D811002B2401 /* Supporting Files */ = {
			isa = PBXGroup;
			children = (
				93679C4F1BA3D811002B2401 /* Main.storyboard */,
				93679C541BA3D811002B2401 /* LaunchScreen.xib */,
				93679C461BA3D811002B2401 /* Info.plist */,
				93679C471BA3D811002B2401 /* main.m */,
			);
			name = "Supporting Files";
			sourceTree = "<group>";
		};
		93679C5E1BA3D811002B2401 /* AccountBookTests */ = {
			isa = PBXGroup;
			children = (
				93679C611BA3D811002B2401 /* AccountBookTests.m */,
				93679C5F1BA3D811002B2401 /* Supporting Files */,
			);
			path = AccountBookTests;
			sourceTree = "<group>";
		};
		93679C5F1BA3D811002B2401 /* Supporting Files */ = {
			isa = PBXGroup;
			children = (
				93679C601BA3D811002B2401 /* Info.plist */,
			);
			name = "Supporting Files";
			sourceTree = "<group>";
		};
		93679C6B1BA44034002B2401 /* Category */ = {
			isa = PBXGroup;
			children = (
				93679C6C1BA44034002B2401 /* UIColor+Category.h */,
				93679C6D1BA44034002B2401 /* UIColor+Category.m */,
				93679C6E1BA44034002B2401 /* UIImage+Category.h */,
				93679C6F1BA44034002B2401 /* UIImage+Category.m */,
				93679C701BA44034002B2401 /* UIViewController+Category.h */,
				93679C711BA44034002B2401 /* UIViewController+Category.m */,
			);
			path = Category;
			sourceTree = "<group>";
		};
		93679C721BA44034002B2401 /* Cell */ = {
			isa = PBXGroup;
			children = (
			);
			path = Cell;
			sourceTree = "<group>";
		};
		93679C731BA44034002B2401 /* Main */ = {
			isa = PBXGroup;
			children = (
				93679C7D1BA4409B002B2401 /* ABAppDelegate.h */,
				93679C7E1BA4409B002B2401 /* ABAppDelegate.m */,
			);
			path = Main;
			sourceTree = "<group>";
		};
		93679C741BA44034002B2401 /* Utils */ = {
			isa = PBXGroup;
			children = (
				93679C831BA4417D002B2401 /* ABDefine.h */,
				93679C8E1BA44594002B2401 /* ABPrefixHeader.pch */,
			);
			path = Utils;
			sourceTree = "<group>";
		};
		93679C751BA44034002B2401 /* View */ = {
			isa = PBXGroup;
			children = (
			);
			path = View;
			sourceTree = "<group>";
		};
		93679C761BA44034002B2401 /* ViewContrller */ = {
			isa = PBXGroup;
			children = (
				93679C841BA44288002B2401 /* ABViewController.h */,
				93679C851BA44288002B2401 /* ABViewController.m */,
				93679C8B1BA443F6002B2401 /* ABNavigationController.h */,
				93679C8C1BA443F6002B2401 /* ABNavigationController.m */,
				93679C871BA442A5002B2401 /* ABMainViewController.h */,
				93679C881BA442A5002B2401 /* ABMainViewController.m */,
				93679C921BA46420002B2401 /* ABSetViewController.h */,
				93679C931BA46420002B2401 /* ABSetViewController.m */,
			);
			path = ViewContrller;
			sourceTree = "<group>";
		};
		93679C801BA440C4002B2401 /* Data */ = {
			isa = PBXGroup;
			children = (
				93679C811BA440C4002B2401 /* DataManager */,
				93679C821BA440C4002B2401 /* Model */,
			);
			path = Data;
			sourceTree = "<group>";
		};
		93679C811BA440C4002B2401 /* DataManager */ = {
			isa = PBXGroup;
			children = (
			);
			path = DataManager;
			sourceTree = "<group>";
		};
		93679C821BA440C4002B2401 /* Model */ = {
			isa = PBXGroup;
			children = (
			);
			path = Model;
			sourceTree = "<group>";
		};
/* End PBXGroup section */

/* Begin PBXNativeTarget section */
		93679C411BA3D811002B2401 /* AccountBook */ = {
			isa = PBXNativeTarget;
			buildConfigurationList = 93679C651BA3D811002B2401 /* Build configuration list for PBXNativeTarget "AccountBook" */;
			buildPhases = (
				93679C3E1BA3D811002B2401 /* Sources */,
				93679C3F1BA3D811002B2401 /* Frameworks */,
				93679C401BA3D811002B2401 /* Resources */,
			);
			buildRules = (
			);
			dependencies = (
			);
			name = AccountBook;
			productName = AccountBook;
			productReference = 93679C421BA3D811002B2401 /* AccountBook.app */;
			productType = "com.apple.product-type.application";
		};
		93679C5A1BA3D811002B2401 /* AccountBookTests */ = {
			isa = PBXNativeTarget;
			buildConfigurationList = 93679C681BA3D811002B2401 /* Build configuration list for PBXNativeTarget "AccountBookTests" */;
			buildPhases = (
				93679C571BA3D811002B2401 /* Sources */,
				93679C581BA3D811002B2401 /* Frameworks */,
				93679C591BA3D811002B2401 /* Resources */,
			);
			buildRules = (
			);
			dependencies = (
				93679C5D1BA3D811002B2401 /* PBXTargetDependency */,
			);
			name = AccountBookTests;
			productName = AccountBookTests;
			productReference = 93679C5B1BA3D811002B2401 /* AccountBookTests.xctest */;
			productType = "com.apple.product-type.bundle.unit-test";
		};
/* End PBXNativeTarget section */

/* Begin PBXProject section */
		93679C3A1BA3D810002B2401 /* Project object */ = {
			isa = PBXProject;
			attributes = {
				LastUpgradeCheck = 0640;
				ORGANIZATIONNAME = mtry;
				TargetAttributes = {
					93679C411BA3D811002B2401 = {
						CreatedOnToolsVersion = 6.4;
					};
					93679C5A1BA3D811002B2401 = {
						CreatedOnToolsVersion = 6.4;
						TestTargetID = 93679C411BA3D811002B2401;
					};
				};
			};
			buildConfigurationList = 93679C3D1BA3D810002B2401 /* Build configuration list for PBXProject "AccountBook" */;
			compatibilityVersion = "Xcode 3.2";
			developmentRegion = English;
			hasScannedForEncodings = 0;
			knownRegions = (
				en,
				Base,
			);
			mainGroup = 93679C391BA3D810002B2401;
			productRefGroup = 93679C431BA3D811002B2401 /* Products */;
			projectDirPath = "";
			projectRoot = "";
			targets = (
				93679C411BA3D811002B2401 /* AccountBook */,
				93679C5A1BA3D811002B2401 /* AccountBookTests */,
			);
		};
/* End PBXProject section */

/* Begin PBXResourcesBuildPhase section */
		93679C401BA3D811002B2401 /* Resources */ = {
			isa = PBXResourcesBuildPhase;
			buildActionMask = 2147483647;
			files = (
				93679C511BA3D811002B2401 /* Main.storyboard in Resources */,
				93679C561BA3D811002B2401 /* LaunchScreen.xib in Resources */,
				93679C531BA3D811002B2401 /* Images.xcassets in Resources */,
			);
			runOnlyForDeploymentPostprocessing = 0;
		};
		93679C591BA3D811002B2401 /* Resources */ = {
			isa = PBXResourcesBuildPhase;
			buildActionMask = 2147483647;
			files = (
			);
			runOnlyForDeploymentPostprocessing = 0;
		};
/* End PBXResourcesBuildPhase section */

/* Begin PBXSourcesBuildPhase section */
		93679C3E1BA3D811002B2401 /* Sources */ = {
			isa = PBXSourcesBuildPhase;
			buildActionMask = 2147483647;
			files = (
				93679C481BA3D811002B2401 /* main.m in Sources */,
				93679C861BA44288002B2401 /* ABViewController.m in Sources */,
				93679C8D1BA443F6002B2401 /* ABNavigationController.m in Sources */,
				93679C941BA46420002B2401 /* ABSetViewController.m in Sources */,
				93679C7F1BA4409B002B2401 /* ABAppDelegate.m in Sources */,
				93679C771BA44034002B2401 /* UIColor+Category.m in Sources */,
				93679C891BA442A5002B2401 /* ABMainViewController.m in Sources */,
				93679C791BA44034002B2401 /* UIViewController+Category.m in Sources */,
				93679C781BA44034002B2401 /* UIImage+Category.m in Sources */,
			);
			runOnlyForDeploymentPostprocessing = 0;
		};
		93679C571BA3D811002B2401 /* Sources */ = {
			isa = PBXSourcesBuildPhase;
			buildActionMask = 2147483647;
			files = (
				93679C621BA3D811002B2401 /* AccountBookTests.m in Sources */,
			);
			runOnlyForDeploymentPostprocessing = 0;
		};
/* End PBXSourcesBuildPhase section */

/* Begin PBXTargetDependency section */
		93679C5D1BA3D811002B2401 /* PBXTargetDependency */ = {
			isa = PBXTargetDependency;
			target = 93679C411BA3D811002B2401 /* AccountBook */;
			targetProxy = 93679C5C1BA3D811002B2401 /* PBXContainerItemProxy */;
		};
/* End PBXTargetDependency section */

/* Begin PBXVariantGroup section */
		93679C4F1BA3D811002B2401 /* Main.storyboard */ = {
			isa = PBXVariantGroup;
			children = (
				93679C501BA3D811002B2401 /* Base */,
			);
			name = Main.storyboard;
			sourceTree = "<group>";
		};
		93679C541BA3D811002B2401 /* LaunchScreen.xib */ = {
			isa = PBXVariantGroup;
			children = (
				93679C551BA3D811002B2401 /* Base */,
			);
			name = LaunchScreen.xib;
			sourceTree = "<group>";
		};
/* End PBXVariantGroup section */

/* Begin XCBuildConfiguration section */
		93679C631BA3D811002B2401 /* Debug */ = {
			isa = XCBuildConfiguration;
			buildSettings = {
				ALWAYS_SEARCH_USER_PATHS = NO;
				CLANG_CXX_LANGUAGE_STANDARD = "gnu++0x";
				CLANG_CXX_LIBRARY = "libc++";
				CLANG_ENABLE_MODULES = YES;
				CLANG_ENABLE_OBJC_ARC = YES;
				CLANG_WARN_BOOL_CONVERSION = YES;
				CLANG_WARN_CONSTANT_CONVERSION = YES;
				CLANG_WARN_DIRECT_OBJC_ISA_USAGE = YES_ERROR;
				CLANG_WARN_EMPTY_BODY = YES;
				CLANG_WARN_ENUM_CONVERSION = YES;
				CLANG_WARN_INT_CONVERSION = YES;
				CLANG_WARN_OBJC_ROOT_CLASS = YES_ERROR;
				CLANG_WARN_UNREACHABLE_CODE = YES;
				CLANG_WARN__DUPLICATE_METHOD_MATCH = YES;
				"CODE_SIGN_IDENTITY[sdk=iphoneos*]" = "iPhone Developer";
				COPY_PHASE_STRIP = NO;
				DEBUG_INFORMATION_FORMAT = "dwarf-with-dsym";
				ENABLE_STRICT_OBJC_MSGSEND = YES;
				GCC_C_LANGUAGE_STANDARD = gnu99;
				GCC_DYNAMIC_NO_PIC = NO;
				GCC_NO_COMMON_BLOCKS = YES;
				GCC_OPTIMIZATION_LEVEL = 0;
				GCC_PREPROCESSOR_DEFINITIONS = (
					"DEBUG=1",
					"$(inherited)",
				);
				GCC_SYMBOLS_PRIVATE_EXTERN = NO;
				GCC_WARN_64_TO_32_BIT_CONVERSION = YES;
				GCC_WARN_ABOUT_RETURN_TYPE = YES_ERROR;
				GCC_WARN_UNDECLARED_SELECTOR = YES;
				GCC_WARN_UNINITIALIZED_AUTOS = YES_AGGRESSIVE;
				GCC_WARN_UNUSED_FUNCTION = YES;
				GCC_WARN_UNUSED_VARIABLE = YES;
				IPHONEOS_DEPLOYMENT_TARGET = 8.4;
				MTL_ENABLE_DEBUG_INFO = YES;
				ONLY_ACTIVE_ARCH = YES;
				SDKROOT = iphoneos;
				TARGETED_DEVICE_FAMILY = "1,2";
			};
			name = Debug;
		};
		93679C641BA3D811002B2401 /* Release */ = {
			isa = XCBuildConfiguration;
			buildSettings = {
				ALWAYS_SEARCH_USER_PATHS = NO;
				CLANG_CXX_LANGUAGE_STANDARD = "gnu++0x";
				CLANG_CXX_LIBRARY = "libc++";
				CLANG_ENABLE_MODULES = YES;
				CLANG_ENABLE_OBJC_ARC = YES;
				CLANG_WARN_BOOL_CONVERSION = YES;
				CLANG_WARN_CONSTANT_CONVERSION = YES;
				CLANG_WARN_DIRECT_OBJC_ISA_USAGE = YES_ERROR;
				CLANG_WARN_EMPTY_BODY = YES;
				CLANG_WARN_ENUM_CONVERSION = YES;
				CLANG_WARN_INT_CONVERSION = YES;
				CLANG_WARN_OBJC_ROOT_CLASS = YES_ERROR;
				CLANG_WARN_UNREACHABLE_CODE = YES;
				CLANG_WARN__DUPLICATE_METHOD_MATCH = YES;
				"CODE_SIGN_IDENTITY[sdk=iphoneos*]" = "iPhone Developer";
				COPY_PHASE_STRIP = NO;
				DEBUG_INFORMATION_FORMAT = "dwarf-with-dsym";
				ENABLE_NS_ASSERTIONS = NO;
				ENABLE_STRICT_OBJC_MSGSEND = YES;
				GCC_C_LANGUAGE_STANDARD = gnu99;
				GCC_NO_COMMON_BLOCKS = YES;
				GCC_WARN_64_TO_32_BIT_CONVERSION = YES;
				GCC_WARN_ABOUT_RETURN_TYPE = YES_ERROR;
				GCC_WARN_UNDECLARED_SELECTOR = YES;
				GCC_WARN_UNINITIALIZED_AUTOS = YES_AGGRESSIVE;
				GCC_WARN_UNUSED_FUNCTION = YES;
				GCC_WARN_UNUSED_VARIABLE = YES;
				IPHONEOS_DEPLOYMENT_TARGET = 8.4;
				MTL_ENABLE_DEBUG_INFO = NO;
				SDKROOT = iphoneos;
				TARGETED_DEVICE_FAMILY = "1,2";
				VALIDATE_PRODUCT = YES;
			};
			name = Release;
		};
		93679C661BA3D811002B2401 /* Debug */ = {
			isa = XCBuildConfiguration;
			buildSettings = {
				ASSETCATALOG_COMPILER_APPICON_NAME = AppIcon;
				GCC_PRECOMPILE_PREFIX_HEADER = YES;
				GCC_PREFIX_HEADER = "$(SRCROOT)/AccountBook/Utils/ABPrefixHeader.pch";
				INFOPLIST_FILE = AccountBook/Info.plist;
				IPHONEOS_DEPLOYMENT_TARGET = 7.0;
				LD_RUNPATH_SEARCH_PATHS = "$(inherited) @executable_path/Frameworks";
				PRODUCT_NAME = "$(TARGET_NAME)";
				TARGETED_DEVICE_FAMILY = "1,2";
			};
			name = Debug;
		};
		93679C671BA3D811002B2401 /* Release */ = {
			isa = XCBuildConfiguration;
			buildSettings = {
				ASSETCATALOG_COMPILER_APPICON_NAME = AppIcon;
				GCC_PRECOMPILE_PREFIX_HEADER = YES;
				GCC_PREFIX_HEADER = "$(SRCROOT)/AccountBook/Utils/ABPrefixHeader.pch";
				INFOPLIST_FILE = AccountBook/Info.plist;
				IPHONEOS_DEPLOYMENT_TARGET = 7.0;
				LD_RUNPATH_SEARCH_PATHS = "$(inherited) @executable_path/Frameworks";
				PRODUCT_NAME = "$(TARGET_NAME)";
				TARGETED_DEVICE_FAMILY = "1,2";
			};
			name = Release;
		};
		93679C691BA3D811002B2401 /* Debug */ = {
			isa = XCBuildConfiguration;
			buildSettings = {
				BUNDLE_LOADER = "$(TEST_HOST)";
				FRAMEWORK_SEARCH_PATHS = (
					"$(SDKROOT)/Developer/Library/Frameworks",
					"$(inherited)",
				);
				GCC_PREPROCESSOR_DEFINITIONS = (
					"DEBUG=1",
					"$(inherited)",
				);
				INFOPLIST_FILE = AccountBookTests/Info.plist;
				LD_RUNPATH_SEARCH_PATHS = "$(inherited) @executable_path/Frameworks @loader_path/Frameworks";
				PRODUCT_NAME = "$(TARGET_NAME)";
				TEST_HOST = "$(BUILT_PRODUCTS_DIR)/AccountBook.app/AccountBook";
			};
			name = Debug;
		};
		93679C6A1BA3D811002B2401 /* Release */ = {
			isa = XCBuildConfiguration;
			buildSettings = {
				BUNDLE_LOADER = "$(TEST_HOST)";
				FRAMEWORK_SEARCH_PATHS = (
					"$(SDKROOT)/Developer/Library/Frameworks",
					"$(inherited)",
				);
				INFOPLIST_FILE = AccountBookTests/Info.plist;
				LD_RUNPATH_SEARCH_PATHS = "$(inherited) @executable_path/Frameworks @loader_path/Frameworks";
				PRODUCT_NAME = "$(TARGET_NAME)";
				TEST_HOST = "$(BUILT_PRODUCTS_DIR)/AccountBook.app/AccountBook";
			};
			name = Release;
		};
/* End XCBuildConfiguration section */

/* Begin XCConfigurationList section */
		93679C3D1BA3D810002B2401 /* Build configuration list for PBXProject "AccountBook" */ = {
			isa = XCConfigurationList;
			buildConfigurations = (
				93679C631BA3D811002B2401 /* Debug */,
				93679C641BA3D811002B2401 /* Release */,
			);
			defaultConfigurationIsVisible = 0;
			defaultConfigurationName = Release;
		};
		93679C651BA3D811002B2401 /* Build configuration list for PBXNativeTarget "AccountBook" */ = {
			isa = XCConfigurationList;
			buildConfigurations = (
				93679C661BA3D811002B2401 /* Debug */,
				93679C671BA3D811002B2401 /* Release */,
			);
			defaultConfigurationIsVisible = 0;
			defaultConfigurationName = Release;
		};
		93679C681BA3D811002B2401 /* Build configuration list for PBXNativeTarget "AccountBookTests" */ = {
			isa = XCConfigurationList;
			buildConfigurations = (
				93679C691BA3D811002B2401 /* Debug */,
				93679C6A1BA3D811002B2401 /* Release */,
			);
			defaultConfigurationIsVisible = 0;
			defaultConfigurationName = Release;
		};
/* End XCConfigurationList section */
	};
	rootObject = 93679C3A1BA3D810002B2401 /* Project object */;
}
